// !$*UTF8*$!
{
	archiveVersion = 1;
	classes = {
	};
	objectVersion = 56;
	objects = {

/* Begin PBXBuildFile section */
		3FBF32F72A3BDEB900E24CB9 /* AppDelegate.swift in Sources */ = {isa = PBXBuildFile; fileRef = 3FBF32F62A3BDEB900E24CB9 /* AppDelegate.swift */; };
		3FBF32F92A3BDEB900E24CB9 /* SceneDelegate.swift in Sources */ = {isa = PBXBuildFile; fileRef = 3FBF32F82A3BDEB900E24CB9 /* SceneDelegate.swift */; };
		3FBF32FB2A3BDEB900E24CB9 /* ViewController.swift in Sources */ = {isa = PBXBuildFile; fileRef = 3FBF32FA2A3BDEB900E24CB9 /* ViewController.swift */; };
		3FBF32FE2A3BDEB900E24CB9 /* Main.storyboard in Resources */ = {isa = PBXBuildFile; fileRef = 3FBF32FC2A3BDEB900E24CB9 /* Main.storyboard */; };
		3FBF33012A3BDEB900E24CB9 /* AppCoreData.xcdatamodeld in Sources */ = {isa = PBXBuildFile; fileRef = 3FBF32FF2A3BDEB900E24CB9 /* AppCoreData.xcdatamodeld */; };
		3FBF33032A3BDEBB00E24CB9 /* Assets.xcassets in Resources */ = {isa = PBXBuildFile; fileRef = 3FBF33022A3BDEBB00E24CB9 /* Assets.xcassets */; };
		3FBF33062A3BDEBB00E24CB9 /* LaunchScreen.storyboard in Resources */ = {isa = PBXBuildFile; fileRef = 3FBF33042A3BDEBB00E24CB9 /* LaunchScreen.storyboard */; };
		3FBF33102A3BE1D400E24CB9 /* CustomTableViewCell.swift in Sources */ = {isa = PBXBuildFile; fileRef = 3FBF330E2A3BE1D400E24CB9 /* CustomTableViewCell.swift */; };
		3FBF33112A3BE1D400E24CB9 /* CustomTableViewCell.xib in Resources */ = {isa = PBXBuildFile; fileRef = 3FBF330F2A3BE1D400E24CB9 /* CustomTableViewCell.xib */; };
		3FBF33142A3CF66000E24CB9 /* ViewModel.swift in Sources */ = {isa = PBXBuildFile; fileRef = 3FBF33132A3CF66000E24CB9 /* ViewModel.swift */; };
/* End PBXBuildFile section */

/* Begin PBXFileReference section */
		3FBF32F32A3BDEB900E24CB9 /* AppCoreData.app */ = {isa = PBXFileReference; explicitFileType = wrapper.application; includeInIndex = 0; path = AppCoreData.app; sourceTree = BUILT_PRODUCTS_DIR; };
		3FBF32F62A3BDEB900E24CB9 /* AppDelegate.swift */ = {isa = PBXFileReference; lastKnownFileType = sourcecode.swift; path = AppDelegate.swift; sourceTree = "<group>"; };
		3FBF32F82A3BDEB900E24CB9 /* SceneDelegate.swift */ = {isa = PBXFileReference; lastKnownFileType = sourcecode.swift; path = SceneDelegate.swift; sourceTree = "<group>"; };
		3FBF32FA2A3BDEB900E24CB9 /* ViewController.swift */ = {isa = PBXFileReference; lastKnownFileType = sourcecode.swift; path = ViewController.swift; sourceTree = "<group>"; };
		3FBF32FD2A3BDEB900E24CB9 /* Base */ = {isa = PBXFileReference; lastKnownFileType = file.storyboard; name = Base; path = Base.lproj/Main.storyboard; sourceTree = "<group>"; };
		3FBF33002A3BDEB900E24CB9 /* AppCoreData.xcdatamodel */ = {isa = PBXFileReference; lastKnownFileType = wrapper.xcdatamodel; path = AppCoreData.xcdatamodel; sourceTree = "<group>"; };
		3FBF33022A3BDEBB00E24CB9 /* Assets.xcassets */ = {isa = PBXFileReference; lastKnownFileType = folder.assetcatalog; path = Assets.xcassets; sourceTree = "<group>"; };
		3FBF33052A3BDEBB00E24CB9 /* Base */ = {isa = PBXFileReference; lastKnownFileType = file.storyboard; name = Base; path = Base.lproj/LaunchScreen.storyboard; sourceTree = "<group>"; };
		3FBF33072A3BDEBB00E24CB9 /* Info.plist */ = {isa = PBXFileReference; lastKnownFileType = text.plist.xml; path = Info.plist; sourceTree = "<group>"; };
		3FBF330E2A3BE1D400E24CB9 /* CustomTableViewCell.swift */ = {isa = PBXFileReference; lastKnownFileType = sourcecode.swift; path = CustomTableViewCell.swift; sourceTree = "<group>"; };
		3FBF330F2A3BE1D400E24CB9 /* CustomTableViewCell.xib */ = {isa = PBXFileReference; lastKnownFileType = file.xib; path = CustomTableViewCell.xib; sourceTree = "<group>"; };
		3FBF33132A3CF66000E24CB9 /* ViewModel.swift */ = {isa = PBXFileReference; lastKnownFileType = sourcecode.swift; path = ViewModel.swift; sourceTree = "<group>"; };
/* End PBXFileReference section */

/* Begin PBXFrameworksBuildPhase section */
		3FBF32F02A3BDEB900E24CB9 /* Frameworks */ = {
			isa = PBXFrameworksBuildPhase;
			buildActionMask = 2147483647;
			files = (
			);
			runOnlyForDeploymentPostprocessing = 0;
		};
/* End PBXFrameworksBuildPhase section */

/* Begin PBXGroup section */
		3FBF32EA2A3BDEB900E24CB9 = {
			isa = PBXGroup;
			children = (
				3FBF32F52A3BDEB900E24CB9 /* AppCoreData */,
				3FBF32F42A3BDEB900E24CB9 /* Products */,
			);
			sourceTree = "<group>";
		};
		3FBF32F42A3BDEB900E24CB9 /* Products */ = {
			isa = PBXGroup;
			children = (
				3FBF32F32A3BDEB900E24CB9 /* AppCoreData.app */,
			);
			name = Products;
			sourceTree = "<group>";
		};
		3FBF32F52A3BDEB900E24CB9 /* AppCoreData */ = {
			isa = PBXGroup;
			children = (
				3FBF33122A3CF42700E24CB9 /* ViewModel */,
				3FBF330D2A3BE1A900E24CB9 /* Cell */,
				3FBF32F62A3BDEB900E24CB9 /* AppDelegate.swift */,
				3FBF32F82A3BDEB900E24CB9 /* SceneDelegate.swift */,
				3FBF32FA2A3BDEB900E24CB9 /* ViewController.swift */,
				3FBF32FC2A3BDEB900E24CB9 /* Main.storyboard */,
				3FBF33022A3BDEBB00E24CB9 /* Assets.xcassets */,
				3FBF33042A3BDEBB00E24CB9 /* LaunchScreen.storyboard */,
				3FBF33072A3BDEBB00E24CB9 /* Info.plist */,
				3FBF32FF2A3BDEB900E24CB9 /* AppCoreData.xcdatamodeld */,
			);
			path = AppCoreData;
			sourceTree = "<group>";
		};
		3FBF330D2A3BE1A900E24CB9 /* Cell */ = {
			isa = PBXGroup;
			children = (
				3FBF330E2A3BE1D400E24CB9 /* CustomTableViewCell.swift */,
				3FBF330F2A3BE1D400E24CB9 /* CustomTableViewCell.xib */,
			);
			path = Cell;
			sourceTree = "<group>";
		};
		3FBF33122A3CF42700E24CB9 /* ViewModel */ = {
			isa = PBXGroup;
			children = (
				3FBF33132A3CF66000E24CB9 /* ViewModel.swift */,
			);
			path = ViewModel;
			sourceTree = "<group>";
		};
/* End PBXGroup section */

/* Begin PBXNativeTarget section */
		3FBF32F22A3BDEB900E24CB9 /* AppCoreData */ = {
			isa = PBXNativeTarget;
			buildConfigurationList = 3FBF330A2A3BDEBB00E24CB9 /* Build configuration list for PBXNativeTarget "AppCoreData" */;
			buildPhases = (
				3FBF32EF2A3BDEB900E24CB9 /* Sources */,
				3FBF32F02A3BDEB900E24CB9 /* Frameworks */,
				3FBF32F12A3BDEB900E24CB9 /* Resources */,
			);
			buildRules = (
			);
			dependencies = (
			);
			name = AppCoreData;
			productName = AppCoreData;
			productReference = 3FBF32F32A3BDEB900E24CB9 /* AppCoreData.app */;
			productType = "com.apple.product-type.application";
		};
/* End PBXNativeTarget section */

/* Begin PBXProject section */
		3FBF32EB2A3BDEB900E24CB9 /* Project object */ = {
			isa = PBXProject;
			attributes = {
				BuildIndependentTargetsInParallel = 1;
				LastSwiftUpdateCheck = 1430;
				LastUpgradeCheck = 1430;
				TargetAttributes = {
					3FBF32F22A3BDEB900E24CB9 = {
						CreatedOnToolsVersion = 14.3.1;
					};
				};
			};
			buildConfigurationList = 3FBF32EE2A3BDEB900E24CB9 /* Build configuration list for PBXProject "AppCoreData" */;
			compatibilityVersion = "Xcode 14.0";
			developmentRegion = en;
			hasScannedForEncodings = 0;
			knownRegions = (
				en,
				Base,
			);
			mainGroup = 3FBF32EA2A3BDEB900E24CB9;
			productRefGroup = 3FBF32F42A3BDEB900E24CB9 /* Products */;
			projectDirPath = "";
			projectRoot = "";
			targets = (
				3FBF32F22A3BDEB900E24CB9 /* AppCoreData */,
			);
		};
/* End PBXProject section */

/* Begin PBXResourcesBuildPhase section */
		3FBF32F12A3BDEB900E24CB9 /* Resources */ = {
			isa = PBXResourcesBuildPhase;
			buildActionMask = 2147483647;
			files = (
				3FBF33062A3BDEBB00E24CB9 /* LaunchScreen.storyboard in Resources */,
				3FBF33032A3BDEBB00E24CB9 /* Assets.xcassets in Resources */,
				3FBF33112A3BE1D400E24CB9 /* CustomTableViewCell.xib in Resources */,
				3FBF32FE2A3BDEB900E24CB9 /* Main.storyboard in Resources */,
			);
			runOnlyForDeploymentPostprocessing = 0;
		};
/* End PBXResourcesBuildPhase section */

/* Begin PBXSourcesBuildPhase section */
		3FBF32EF2A3BDEB900E24CB9 /* Sources */ = {
			isa = PBXSourcesBuildPhase;
			buildActionMask = 2147483647;
			files = (
				3FBF33012A3BDEB900E24CB9 /* AppCoreData.xcdatamodeld in Sources */,
				3FBF33102A3BE1D400E24CB9 /* CustomTableViewCell.swift in Sources */,
				3FBF32FB2A3BDEB900E24CB9 /* ViewController.swift in Sources */,
				3FBF32F72A3BDEB900E24CB9 /* AppDelegate.swift in Sources */,
				3FBF33142A3CF66000E24CB9 /* ViewModel.swift in Sources */,
				3FBF32F92A3BDEB900E24CB9 /* SceneDelegate.swift in Sources */,
			);
			runOnlyForDeploymentPostprocessing = 0;
		};
/* End PBXSourcesBuildPhase section */

/* Begin PBXVariantGroup section */
		3FBF32FC2A3BDEB900E24CB9 /* Main.storyboard */ = {
			isa = PBXVariantGroup;
			children = (
				3FBF32FD2A3BDEB900E24CB9 /* Base */,
			);
			name = Main.storyboard;
			sourceTree = "<group>";
		};
		3FBF33042A3BDEBB00E24CB9 /* LaunchScreen.storyboard */ = {
			isa = PBXVariantGroup;
			children = (
				3FBF33052A3BDEBB00E24CB9 /* Base */,
			);
			name = LaunchScreen.storyboard;
			sourceTree = "<group>";
		};
/* End PBXVariantGroup section */

/* Begin XCBuildConfiguration section */
		3FBF33082A3BDEBB00E24CB9 /* Debug */ = {
			isa = XCBuildConfiguration;
			buildSettings = {
				ALWAYS_SEARCH_USER_PATHS = NO;
				CLANG_ANALYZER_NONNULL = YES;
				CLANG_ANALYZER_NUMBER_OBJECT_CONVERSION = YES_AGGRESSIVE;
				CLANG_CXX_LANGUAGE_STANDARD = "gnu++20";
				CLANG_ENABLE_MODULES = YES;
				CLANG_ENABLE_OBJC_ARC = YES;
				CLANG_ENABLE_OBJC_WEAK = YES;
				CLANG_WARN_BLOCK_CAPTURE_AUTORELEASING = YES;
				CLANG_WARN_BOOL_CONVERSION = YES;
				CLANG_WARN_COMMA = YES;
				CLANG_WARN_CONSTANT_CONVERSION = YES;
				CLANG_WARN_DEPRECATED_OBJC_IMPLEMENTATIONS = YES;
				CLANG_WARN_DIRECT_OBJC_ISA_USAGE = YES_ERROR;
				CLANG_WARN_DOCUMENTATION_COMMENTS = YES;
				CLANG_WARN_EMPTY_BODY = YES;
				CLANG_WARN_ENUM_CONVERSION = YES;
				CLANG_WARN_INFINITE_RECURSION = YES;
				CLANG_WARN_INT_CONVERSION = YES;
				CLANG_WARN_NON_LITERAL_NULL_CONVERSION = YES;
				CLANG_WARN_OBJC_IMPLICIT_RETAIN_SELF = YES;
				CLANG_WARN_OBJC_LITERAL_CONVERSION = YES;
				CLANG_WARN_OBJC_ROOT_CLASS = YES_ERROR;
				CLANG_WARN_QUOTED_INCLUDE_IN_FRAMEWORK_HEADER = YES;
				CLANG_WARN_RANGE_LOOP_ANALYSIS = YES;
				CLANG_WARN_STRICT_PROTOTYPES = YES;
				CLANG_WARN_SUSPICIOUS_MOVE = YES;
				CLANG_WARN_UNGUARDED_AVAILABILITY = YES_AGGRESSIVE;
				CLANG_WARN_UNREACHABLE_CODE = YES;
				CLANG_WARN__DUPLICATE_METHOD_MATCH = YES;
				COPY_PHASE_STRIP = NO;
				DEBUG_INFORMATION_FORMAT = dwarf;
				ENABLE_STRICT_OBJC_MSGSEND = YES;
				ENABLE_TESTABILITY = YES;
				GCC_C_LANGUAGE_STANDARD = gnu11;
				GCC_DYNAMIC_NO_PIC = NO;
				GCC_NO_COMMON_BLOCKS = YES;
				GCC_OPTIMIZATION_LEVEL = 0;
				GCC_PREPROCESSOR_DEFINITIONS = (
					"DEBUG=1",
					"$(inherited)",
				);
				GCC_WARN_64_TO_32_BIT_CONVERSION = YES;
				GCC_WARN_ABOUT_RETURN_TYPE = YES_ERROR;
				GCC_WARN_UNDECLARED_SELECTOR = YES;
				GCC_WARN_UNINITIALIZED_AUTOS = YES_AGGRESSIVE;
				GCC_WARN_UNUSED_FUNCTION = YES;
				GCC_WARN_UNUSED_VARIABLE = YES;
				IPHONEOS_DEPLOYMENT_TARGET = 16.4;
				MTL_ENABLE_DEBUG_INFO = INCLUDE_SOURCE;
				MTL_FAST_MATH = YES;
				ONLY_ACTIVE_ARCH = YES;
				SDKROOT = iphoneos;
				SWIFT_ACTIVE_COMPILATION_CONDITIONS = DEBUG;
				SWIFT_OPTIMIZATION_LEVEL = "-Onone";
			};
			name = Debug;
		};
		3FBF33092A3BDEBB00E24CB9 /* Release */ = {
			isa = XCBuildConfiguration;
			buildSettings = {
				ALWAYS_SEARCH_USER_PATHS = NO;
				CLANG_ANALYZER_NONNULL = YES;
				CLANG_ANALYZER_NUMBER_OBJECT_CONVERSION = YES_AGGRESSIVE;
				CLANG_CXX_LANGUAGE_STANDARD = "gnu++20";
				CLANG_ENABLE_MODULES = YES;
				CLANG_ENABLE_OBJC_ARC = YES;
				CLANG_ENABLE_OBJC_WEAK = YES;
				CLANG_WARN_BLOCK_CAPTURE_AUTORELEASING = YES;
				CLANG_WARN_BOOL_CONVERSION = YES;
				CLANG_WARN_COMMA = YES;
				CLANG_WARN_CONSTANT_CONVERSION = YES;
				CLANG_WARN_DEPRECATED_OBJC_IMPLEMENTATIONS = YES;
				CLANG_WARN_DIRECT_OBJC_ISA_USAGE = YES_ERROR;
				CLANG_WARN_DOCUMENTATION_COMMENTS = YES;
				CLANG_WARN_EMPTY_BODY = YES;
				CLANG_WARN_ENUM_CONVERSION = YES;
				CLANG_WARN_INFINITE_RECURSION = YES;
				CLANG_WARN_INT_CONVERSION = YES;
				CLANG_WARN_NON_LITERAL_NULL_CONVERSION = YES;
				CLANG_WARN_OBJC_IMPLICIT_RETAIN_SELF = YES;
				CLANG_WARN_OBJC_LITERAL_CONVERSION = YES;
				CLANG_WARN_OBJC_ROOT_CLASS = YES_ERROR;
				CLANG_WARN_QUOTED_INCLUDE_IN_FRAMEWORK_HEADER = YES;
				CLANG_WARN_RANGE_LOOP_ANALYSIS = YES;
				CLANG_WARN_STRICT_PROTOTYPES = YES;
				CLANG_WARN_SUSPICIOUS_MOVE = YES;
				CLANG_WARN_UNGUARDED_AVAILABILITY = YES_AGGRESSIVE;
				CLANG_WARN_UNREACHABLE_CODE = YES;
				CLANG_WARN__DUPLICATE_METHOD_MATCH = YES;
				COPY_PHASE_STRIP = NO;
				DEBUG_INFORMATION_FORMAT = "dwarf-with-dsym";
				ENABLE_NS_ASSERTIONS = NO;
				ENABLE_STRICT_OBJC_MSGSEND = YES;
				GCC_C_LANGUAGE_STANDARD = gnu11;
				GCC_NO_COMMON_BLOCKS = YES;
				GCC_WARN_64_TO_32_BIT_CONVERSION = YES;
				GCC_WARN_ABOUT_RETURN_TYPE = YES_ERROR;
				GCC_WARN_UNDECLARED_SELECTOR = YES;
				GCC_WARN_UNINITIALIZED_AUTOS = YES_AGGRESSIVE;
				GCC_WARN_UNUSED_FUNCTION = YES;
				GCC_WARN_UNUSED_VARIABLE = YES;
				IPHONEOS_DEPLOYMENT_TARGET = 16.4;
				MTL_ENABLE_DEBUG_INFO = NO;
				MTL_FAST_MATH = YES;
				SDKROOT = iphoneos;
				SWIFT_COMPILATION_MODE = wholemodule;
				SWIFT_OPTIMIZATION_LEVEL = "-O";
				VALIDATE_PRODUCT = YES;
			};
			name = Release;
		};
		3FBF330B2A3BDEBB00E24CB9 /* Debug */ = {
			isa = XCBuildConfiguration;
			buildSettings = {
				ASSETCATALOG_COMPILER_APPICON_NAME = AppIcon;
				ASSETCATALOG_COMPILER_GLOBAL_ACCENT_COLOR_NAME = AccentColor;
				CODE_SIGN_STYLE = Automatic;
				CURRENT_PROJECT_VERSION = 1;
				GENERATE_INFOPLIST_FILE = YES;
				INFOPLIST_FILE = AppCoreData/Info.plist;
				INFOPLIST_KEY_UIApplicationSupportsIndirectInputEvents = YES;
				INFOPLIST_KEY_UILaunchStoryboardName = LaunchScreen;
				INFOPLIST_KEY_UIMainStoryboardFile = Main;
				INFOPLIST_KEY_UISupportedInterfaceOrientations_iPad = "UIInterfaceOrientationPortrait UIInterfaceOrientationPortraitUpsideDown UIInterfaceOrientationLandscapeLeft UIInterfaceOrientationLandscapeRight";
				INFOPLIST_KEY_UISupportedInterfaceOrientations_iPhone = "UIInterfaceOrientationPortrait UIInterfaceOrientationLandscapeLeft UIInterfaceOrientationLandscapeRight";
				LD_RUNPATH_SEARCH_PATHS = (
					"$(inherited)",
					"@executable_path/Frameworks",
				);
				MARKETING_VERSION = 1.0;
				PRODUCT_BUNDLE_IDENTIFIER = AlexandreBrigolin.AppCoreData;
				PRODUCT_NAME = "$(TARGET_NAME)";
				SWIFT_EMIT_LOC_STRINGS = YES;
				SWIFT_VERSION = 5.0;
				TARGETED_DEVICE_FAMILY = "1,2";
			};
			name = Debug;
		};
		3FBF330C2A3BDEBB00E24CB9 /* Release */ = {
			isa = XCBuildConfiguration;
			buildSettings = {
				ASSETCATALOG_COMPILER_APPICON_NAME = AppIcon;
				ASSETCATALOG_COMPILER_GLOBAL_ACCENT_COLOR_NAME = AccentColor;
				CODE_SIGN_STYLE = Automatic;
				CURRENT_PROJECT_VERSION = 1;
				GENERATE_INFOPLIST_FILE = YES;
				INFOPLIST_FILE = AppCoreData/Info.plist;
				INFOPLIST_KEY_UIApplicationSupportsIndirectInputEvents = YES;
				INFOPLIST_KEY_UILaunchStoryboardName = LaunchScreen;
				INFOPLIST_KEY_UIMainStoryboardFile = Main;
				INFOPLIST_KEY_UISupportedInterfaceOrientations_iPad = "UIInterfaceOrientationPortrait UIInterfaceOrientationPortraitUpsideDown UIInterfaceOrientationLandscapeLeft UIInterfaceOrientationLandscapeRight";
				INFOPLIST_KEY_UISupportedInterfaceOrientations_iPhone = "UIInterfaceOrientationPortrait UIInterfaceOrientationLandscapeLeft UIInterfaceOrientationLandscapeRight";
				LD_RUNPATH_SEARCH_PATHS = (
					"$(inherited)",
					"@executable_path/Frameworks",
				);
				MARKETING_VERSION = 1.0;
				PRODUCT_BUNDLE_IDENTIFIER = AlexandreBrigolin.AppCoreData;
				PRODUCT_NAME = "$(TARGET_NAME)";
				SWIFT_EMIT_LOC_STRINGS = YES;
				SWIFT_VERSION = 5.0;
				TARGETED_DEVICE_FAMILY = "1,2";
			};
			name = Release;
		};
/* End XCBuildConfiguration section */

/* Begin XCConfigurationList section */
		3FBF32EE2A3BDEB900E24CB9 /* Build configuration list for PBXProject "AppCoreData" */ = {
			isa = XCConfigurationList;
			buildConfigurations = (
				3FBF33082A3BDEBB00E24CB9 /* Debug */,
				3FBF33092A3BDEBB00E24CB9 /* Release */,
			);
			defaultConfigurationIsVisible = 0;
			defaultConfigurationName = Release;
		};
		3FBF330A2A3BDEBB00E24CB9 /* Build configuration list for PBXNativeTarget "AppCoreData" */ = {
			isa = XCConfigurationList;
			buildConfigurations = (
				3FBF330B2A3BDEBB00E24CB9 /* Debug */,
				3FBF330C2A3BDEBB00E24CB9 /* Release */,
			);
			defaultConfigurationIsVisible = 0;
			defaultConfigurationName = Release;
		};
/* End XCConfigurationList section */

/* Begin XCVersionGroup section */
		3FBF32FF2A3BDEB900E24CB9 /* AppCoreData.xcdatamodeld */ = {
			isa = XCVersionGroup;
			children = (
				3FBF33002A3BDEB900E24CB9 /* AppCoreData.xcdatamodel */,
			);
			currentVersion = 3FBF33002A3BDEB900E24CB9 /* AppCoreData.xcdatamodel */;
			path = AppCoreData.xcdatamodeld;
			sourceTree = "<group>";
			versionGroupType = wrapper.xcdatamodel;
		};
/* End XCVersionGroup section */
	};
	rootObject = 3FBF32EB2A3BDEB900E24CB9 /* Project object */;
}
