// !$*UTF8*$!
{
	archiveVersion = 1;
	classes = {
	};
	objectVersion = 56;
	objects = {

/* Begin PBXBuildFile section */
		3FC431222A1D77F0000F49B4 /* AppDelegate.swift in Sources */ = {isa = PBXBuildFile; fileRef = 3FC431212A1D77F0000F49B4 /* AppDelegate.swift */; };
		3FC431242A1D77F0000F49B4 /* SceneDelegate.swift in Sources */ = {isa = PBXBuildFile; fileRef = 3FC431232A1D77F0000F49B4 /* SceneDelegate.swift */; };
		3FC431262A1D77F0000F49B4 /* ViewController.swift in Sources */ = {isa = PBXBuildFile; fileRef = 3FC431252A1D77F0000F49B4 /* ViewController.swift */; };
		3FC431292A1D77F0000F49B4 /* Main.storyboard in Resources */ = {isa = PBXBuildFile; fileRef = 3FC431272A1D77F0000F49B4 /* Main.storyboard */; };
		3FC4312B2A1D77F2000F49B4 /* Assets.xcassets in Resources */ = {isa = PBXBuildFile; fileRef = 3FC4312A2A1D77F2000F49B4 /* Assets.xcassets */; };
		3FC4312E2A1D77F2000F49B4 /* LaunchScreen.storyboard in Resources */ = {isa = PBXBuildFile; fileRef = 3FC4312C2A1D77F2000F49B4 /* LaunchScreen.storyboard */; };
		3FC431382A1D7842000F49B4 /* Tela02ViewController.swift in Sources */ = {isa = PBXBuildFile; fileRef = 3FC431372A1D7842000F49B4 /* Tela02ViewController.swift */; };
		3FC4313A2A1D7850000F49B4 /* Tela02ViewController.storyboard in Resources */ = {isa = PBXBuildFile; fileRef = 3FC431392A1D7850000F49B4 /* Tela02ViewController.storyboard */; };
/* End PBXBuildFile section */

/* Begin PBXFileReference section */
		3FC4311E2A1D77F0000F49B4 /* TransitandoDadosEntreTelas.app */ = {isa = PBXFileReference; explicitFileType = wrapper.application; includeInIndex = 0; path = TransitandoDadosEntreTelas.app; sourceTree = BUILT_PRODUCTS_DIR; };
		3FC431212A1D77F0000F49B4 /* AppDelegate.swift */ = {isa = PBXFileReference; lastKnownFileType = sourcecode.swift; path = AppDelegate.swift; sourceTree = "<group>"; };
		3FC431232A1D77F0000F49B4 /* SceneDelegate.swift */ = {isa = PBXFileReference; lastKnownFileType = sourcecode.swift; path = SceneDelegate.swift; sourceTree = "<group>"; };
		3FC431252A1D77F0000F49B4 /* ViewController.swift */ = {isa = PBXFileReference; lastKnownFileType = sourcecode.swift; path = ViewController.swift; sourceTree = "<group>"; };
		3FC431282A1D77F0000F49B4 /* Base */ = {isa = PBXFileReference; lastKnownFileType = file.storyboard; name = Base; path = Base.lproj/Main.storyboard; sourceTree = "<group>"; };
		3FC4312A2A1D77F2000F49B4 /* Assets.xcassets */ = {isa = PBXFileReference; lastKnownFileType = folder.assetcatalog; path = Assets.xcassets; sourceTree = "<group>"; };
		3FC4312D2A1D77F2000F49B4 /* Base */ = {isa = PBXFileReference; lastKnownFileType = file.storyboard; name = Base; path = Base.lproj/LaunchScreen.storyboard; sourceTree = "<group>"; };
		3FC4312F2A1D77F2000F49B4 /* Info.plist */ = {isa = PBXFileReference; lastKnownFileType = text.plist.xml; path = Info.plist; sourceTree = "<group>"; };
		3FC431372A1D7842000F49B4 /* Tela02ViewController.swift */ = {isa = PBXFileReference; lastKnownFileType = sourcecode.swift; path = Tela02ViewController.swift; sourceTree = "<group>"; };
		3FC431392A1D7850000F49B4 /* Tela02ViewController.storyboard */ = {isa = PBXFileReference; lastKnownFileType = file.storyboard; path = Tela02ViewController.storyboard; sourceTree = "<group>"; };
/* End PBXFileReference section */

/* Begin PBXFrameworksBuildPhase section */
		3FC4311B2A1D77F0000F49B4 /* Frameworks */ = {
			isa = PBXFrameworksBuildPhase;
			buildActionMask = 2147483647;
			files = (
			);
			runOnlyForDeploymentPostprocessing = 0;
		};
/* End PBXFrameworksBuildPhase section */

/* Begin PBXGroup section */
		3FC431152A1D77F0000F49B4 = {
			isa = PBXGroup;
			children = (
				3FC431202A1D77F0000F49B4 /* TransitandoDadosEntreTelas */,
				3FC4311F2A1D77F0000F49B4 /* Products */,
			);
			sourceTree = "<group>";
		};
		3FC4311F2A1D77F0000F49B4 /* Products */ = {
			isa = PBXGroup;
			children = (
				3FC4311E2A1D77F0000F49B4 /* TransitandoDadosEntreTelas.app */,
			);
			name = Products;
			sourceTree = "<group>";
		};
		3FC431202A1D77F0000F49B4 /* TransitandoDadosEntreTelas */ = {
			isa = PBXGroup;
			children = (
				3FC431362A1D781A000F49B4 /* Tela02 */,
				3FC431352A1D7802000F49B4 /* TelaPrincipal */,
				3FC431212A1D77F0000F49B4 /* AppDelegate.swift */,
				3FC431232A1D77F0000F49B4 /* SceneDelegate.swift */,
				3FC4312A2A1D77F2000F49B4 /* Assets.xcassets */,
				3FC4312C2A1D77F2000F49B4 /* LaunchScreen.storyboard */,
				3FC4312F2A1D77F2000F49B4 /* Info.plist */,
			);
			path = TransitandoDadosEntreTelas;
			sourceTree = "<group>";
		};
		3FC431352A1D7802000F49B4 /* TelaPrincipal */ = {
			isa = PBXGroup;
			children = (
				3FC431252A1D77F0000F49B4 /* ViewController.swift */,
				3FC431272A1D77F0000F49B4 /* Main.storyboard */,
			);
			path = TelaPrincipal;
			sourceTree = "<group>";
		};
		3FC431362A1D781A000F49B4 /* Tela02 */ = {
			isa = PBXGroup;
			children = (
				3FC431372A1D7842000F49B4 /* Tela02ViewController.swift */,
				3FC431392A1D7850000F49B4 /* Tela02ViewController.storyboard */,
			);
			path = Tela02;
			sourceTree = "<group>";
		};
/* End PBXGroup section */

/* Begin PBXNativeTarget section */
		3FC4311D2A1D77F0000F49B4 /* TransitandoDadosEntreTelas */ = {
			isa = PBXNativeTarget;
			buildConfigurationList = 3FC431322A1D77F2000F49B4 /* Build configuration list for PBXNativeTarget "TransitandoDadosEntreTelas" */;
			buildPhases = (
				3FC4311A2A1D77F0000F49B4 /* Sources */,
				3FC4311B2A1D77F0000F49B4 /* Frameworks */,
				3FC4311C2A1D77F0000F49B4 /* Resources */,
			);
			buildRules = (
			);
			dependencies = (
			);
			name = TransitandoDadosEntreTelas;
			productName = TransitandoDadosEntreTelas;
			productReference = 3FC4311E2A1D77F0000F49B4 /* TransitandoDadosEntreTelas.app */;
			productType = "com.apple.product-type.application";
		};
/* End PBXNativeTarget section */

/* Begin PBXProject section */
		3FC431162A1D77F0000F49B4 /* Project object */ = {
			isa = PBXProject;
			attributes = {
				BuildIndependentTargetsInParallel = 1;
				LastSwiftUpdateCheck = 1430;
				LastUpgradeCheck = 1430;
				TargetAttributes = {
					3FC4311D2A1D77F0000F49B4 = {
						CreatedOnToolsVersion = 14.3;
					};
				};
			};
			buildConfigurationList = 3FC431192A1D77F0000F49B4 /* Build configuration list for PBXProject "TransitandoDadosEntreTelas" */;
			compatibilityVersion = "Xcode 14.0";
			developmentRegion = en;
			hasScannedForEncodings = 0;
			knownRegions = (
				en,
				Base,
			);
			mainGroup = 3FC431152A1D77F0000F49B4;
			productRefGroup = 3FC4311F2A1D77F0000F49B4 /* Products */;
			projectDirPath = "";
			projectRoot = "";
			targets = (
				3FC4311D2A1D77F0000F49B4 /* TransitandoDadosEntreTelas */,
			);
		};
/* End PBXProject section */

/* Begin PBXResourcesBuildPhase section */
		3FC4311C2A1D77F0000F49B4 /* Resources */ = {
			isa = PBXResourcesBuildPhase;
			buildActionMask = 2147483647;
			files = (
				3FC4312E2A1D77F2000F49B4 /* LaunchScreen.storyboard in Resources */,
				3FC4313A2A1D7850000F49B4 /* Tela02ViewController.storyboard in Resources */,
				3FC4312B2A1D77F2000F49B4 /* Assets.xcassets in Resources */,
				3FC431292A1D77F0000F49B4 /* Main.storyboard in Resources */,
			);
			runOnlyForDeploymentPostprocessing = 0;
		};
/* End PBXResourcesBuildPhase section */

/* Begin PBXSourcesBuildPhase section */
		3FC4311A2A1D77F0000F49B4 /* Sources */ = {
			isa = PBXSourcesBuildPhase;
			buildActionMask = 2147483647;
			files = (
				3FC431382A1D7842000F49B4 /* Tela02ViewController.swift in Sources */,
				3FC431262A1D77F0000F49B4 /* ViewController.swift in Sources */,
				3FC431222A1D77F0000F49B4 /* AppDelegate.swift in Sources */,
				3FC431242A1D77F0000F49B4 /* SceneDelegate.swift in Sources */,
			);
			runOnlyForDeploymentPostprocessing = 0;
		};
/* End PBXSourcesBuildPhase section */

/* Begin PBXVariantGroup section */
		3FC431272A1D77F0000F49B4 /* Main.storyboard */ = {
			isa = PBXVariantGroup;
			children = (
				3FC431282A1D77F0000F49B4 /* Base */,
			);
			name = Main.storyboard;
			sourceTree = "<group>";
		};
		3FC4312C2A1D77F2000F49B4 /* LaunchScreen.storyboard */ = {
			isa = PBXVariantGroup;
			children = (
				3FC4312D2A1D77F2000F49B4 /* Base */,
			);
			name = LaunchScreen.storyboard;
			sourceTree = "<group>";
		};
/* End PBXVariantGroup section */

/* Begin XCBuildConfiguration section */
		3FC431302A1D77F2000F49B4 /* Debug */ = {
			isa = XCBuildConfiguration;
			buildSettings = {
				ALWAYS_SEARCH_USER_PATHS = NO;
				CLANG_ANALYZER_NONNULL = YES;
				CLANG_ANALYZER_NUMBER_OBJECT_CONVERSION = YES_AGGRESSIVE;
				CLANG_CXX_LANGUAGE_STANDARD = "gnu++20";
				CLANG_ENABLE_MODULES = YES;
				CLANG_ENABLE_OBJC_ARC = YES;
				CLANG_ENABLE_OBJC_WEAK = YES;
				CLANG_WARN_BLOCK_CAPTURE_AUTORELEASING = YES;
				CLANG_WARN_BOOL_CONVERSION = YES;
				CLANG_WARN_COMMA = YES;
				CLANG_WARN_CONSTANT_CONVERSION = YES;
				CLANG_WARN_DEPRECATED_OBJC_IMPLEMENTATIONS = YES;
				CLANG_WARN_DIRECT_OBJC_ISA_USAGE = YES_ERROR;
				CLANG_WARN_DOCUMENTATION_COMMENTS = YES;
				CLANG_WARN_EMPTY_BODY = YES;
				CLANG_WARN_ENUM_CONVERSION = YES;
				CLANG_WARN_INFINITE_RECURSION = YES;
				CLANG_WARN_INT_CONVERSION = YES;
				CLANG_WARN_NON_LITERAL_NULL_CONVERSION = YES;
				CLANG_WARN_OBJC_IMPLICIT_RETAIN_SELF = YES;
				CLANG_WARN_OBJC_LITERAL_CONVERSION = YES;
				CLANG_WARN_OBJC_ROOT_CLASS = YES_ERROR;
				CLANG_WARN_QUOTED_INCLUDE_IN_FRAMEWORK_HEADER = YES;
				CLANG_WARN_RANGE_LOOP_ANALYSIS = YES;
				CLANG_WARN_STRICT_PROTOTYPES = YES;
				CLANG_WARN_SUSPICIOUS_MOVE = YES;
				CLANG_WARN_UNGUARDED_AVAILABILITY = YES_AGGRESSIVE;
				CLANG_WARN_UNREACHABLE_CODE = YES;
				CLANG_WARN__DUPLICATE_METHOD_MATCH = YES;
				COPY_PHASE_STRIP = NO;
				DEBUG_INFORMATION_FORMAT = dwarf;
				ENABLE_STRICT_OBJC_MSGSEND = YES;
				ENABLE_TESTABILITY = YES;
				GCC_C_LANGUAGE_STANDARD = gnu11;
				GCC_DYNAMIC_NO_PIC = NO;
				GCC_NO_COMMON_BLOCKS = YES;
				GCC_OPTIMIZATION_LEVEL = 0;
				GCC_PREPROCESSOR_DEFINITIONS = (
					"DEBUG=1",
					"$(inherited)",
				);
				GCC_WARN_64_TO_32_BIT_CONVERSION = YES;
				GCC_WARN_ABOUT_RETURN_TYPE = YES_ERROR;
				GCC_WARN_UNDECLARED_SELECTOR = YES;
				GCC_WARN_UNINITIALIZED_AUTOS = YES_AGGRESSIVE;
				GCC_WARN_UNUSED_FUNCTION = YES;
				GCC_WARN_UNUSED_VARIABLE = YES;
				IPHONEOS_DEPLOYMENT_TARGET = 16.4;
				MTL_ENABLE_DEBUG_INFO = INCLUDE_SOURCE;
				MTL_FAST_MATH = YES;
				ONLY_ACTIVE_ARCH = YES;
				SDKROOT = iphoneos;
				SWIFT_ACTIVE_COMPILATION_CONDITIONS = DEBUG;
				SWIFT_OPTIMIZATION_LEVEL = "-Onone";
			};
			name = Debug;
		};
		3FC431312A1D77F2000F49B4 /* Release */ = {
			isa = XCBuildConfiguration;
			buildSettings = {
				ALWAYS_SEARCH_USER_PATHS = NO;
				CLANG_ANALYZER_NONNULL = YES;
				CLANG_ANALYZER_NUMBER_OBJECT_CONVERSION = YES_AGGRESSIVE;
				CLANG_CXX_LANGUAGE_STANDARD = "gnu++20";
				CLANG_ENABLE_MODULES = YES;
				CLANG_ENABLE_OBJC_ARC = YES;
				CLANG_ENABLE_OBJC_WEAK = YES;
				CLANG_WARN_BLOCK_CAPTURE_AUTORELEASING = YES;
				CLANG_WARN_BOOL_CONVERSION = YES;
				CLANG_WARN_COMMA = YES;
				CLANG_WARN_CONSTANT_CONVERSION = YES;
				CLANG_WARN_DEPRECATED_OBJC_IMPLEMENTATIONS = YES;
				CLANG_WARN_DIRECT_OBJC_ISA_USAGE = YES_ERROR;
				CLANG_WARN_DOCUMENTATION_COMMENTS = YES;
				CLANG_WARN_EMPTY_BODY = YES;
				CLANG_WARN_ENUM_CONVERSION = YES;
				CLANG_WARN_INFINITE_RECURSION = YES;
				CLANG_WARN_INT_CONVERSION = YES;
				CLANG_WARN_NON_LITERAL_NULL_CONVERSION = YES;
				CLANG_WARN_OBJC_IMPLICIT_RETAIN_SELF = YES;
				CLANG_WARN_OBJC_LITERAL_CONVERSION = YES;
				CLANG_WARN_OBJC_ROOT_CLASS = YES_ERROR;
				CLANG_WARN_QUOTED_INCLUDE_IN_FRAMEWORK_HEADER = YES;
				CLANG_WARN_RANGE_LOOP_ANALYSIS = YES;
				CLANG_WARN_STRICT_PROTOTYPES = YES;
				CLANG_WARN_SUSPICIOUS_MOVE = YES;
				CLANG_WARN_UNGUARDED_AVAILABILITY = YES_AGGRESSIVE;
				CLANG_WARN_UNREACHABLE_CODE = YES;
				CLANG_WARN__DUPLICATE_METHOD_MATCH = YES;
				COPY_PHASE_STRIP = NO;
				DEBUG_INFORMATION_FORMAT = "dwarf-with-dsym";
				ENABLE_NS_ASSERTIONS = NO;
				ENABLE_STRICT_OBJC_MSGSEND = YES;
				GCC_C_LANGUAGE_STANDARD = gnu11;
				GCC_NO_COMMON_BLOCKS = YES;
				GCC_WARN_64_TO_32_BIT_CONVERSION = YES;
				GCC_WARN_ABOUT_RETURN_TYPE = YES_ERROR;
				GCC_WARN_UNDECLARED_SELECTOR = YES;
				GCC_WARN_UNINITIALIZED_AUTOS = YES_AGGRESSIVE;
				GCC_WARN_UNUSED_FUNCTION = YES;
				GCC_WARN_UNUSED_VARIABLE = YES;
				IPHONEOS_DEPLOYMENT_TARGET = 16.4;
				MTL_ENABLE_DEBUG_INFO = NO;
				MTL_FAST_MATH = YES;
				SDKROOT = iphoneos;
				SWIFT_COMPILATION_MODE = wholemodule;
				SWIFT_OPTIMIZATION_LEVEL = "-O";
				VALIDATE_PRODUCT = YES;
			};
			name = Release;
		};
		3FC431332A1D77F2000F49B4 /* Debug */ = {
			isa = XCBuildConfiguration;
			buildSettings = {
				ASSETCATALOG_COMPILER_APPICON_NAME = AppIcon;
				ASSETCATALOG_COMPILER_GLOBAL_ACCENT_COLOR_NAME = AccentColor;
				CODE_SIGN_STYLE = Automatic;
				CURRENT_PROJECT_VERSION = 1;
				GENERATE_INFOPLIST_FILE = YES;
				INFOPLIST_FILE = TransitandoDadosEntreTelas/Info.plist;
				INFOPLIST_KEY_UIApplicationSupportsIndirectInputEvents = YES;
				INFOPLIST_KEY_UILaunchStoryboardName = LaunchScreen;
				INFOPLIST_KEY_UIMainStoryboardFile = Main;
				INFOPLIST_KEY_UISupportedInterfaceOrientations_iPad = "UIInterfaceOrientationPortrait UIInterfaceOrientationPortraitUpsideDown UIInterfaceOrientationLandscapeLeft UIInterfaceOrientationLandscapeRight";
				INFOPLIST_KEY_UISupportedInterfaceOrientations_iPhone = "UIInterfaceOrientationPortrait UIInterfaceOrientationLandscapeLeft UIInterfaceOrientationLandscapeRight";
				LD_RUNPATH_SEARCH_PATHS = (
					"$(inherited)",
					"@executable_path/Frameworks",
				);
				MARKETING_VERSION = 1.0;
				PRODUCT_BUNDLE_IDENTIFIER = AlexandreBrigolin.TransitandoDadosEntreTelas;
				PRODUCT_NAME = "$(TARGET_NAME)";
				SWIFT_EMIT_LOC_STRINGS = YES;
				SWIFT_VERSION = 5.0;
				TARGETED_DEVICE_FAMILY = "1,2";
			};
			name = Debug;
		};
		3FC431342A1D77F2000F49B4 /* Release */ = {
			isa = XCBuildConfiguration;
			buildSettings = {
				ASSETCATALOG_COMPILER_APPICON_NAME = AppIcon;
				ASSETCATALOG_COMPILER_GLOBAL_ACCENT_COLOR_NAME = AccentColor;
				CODE_SIGN_STYLE = Automatic;
				CURRENT_PROJECT_VERSION = 1;
				GENERATE_INFOPLIST_FILE = YES;
				INFOPLIST_FILE = TransitandoDadosEntreTelas/Info.plist;
				INFOPLIST_KEY_UIApplicationSupportsIndirectInputEvents = YES;
				INFOPLIST_KEY_UILaunchStoryboardName = LaunchScreen;
				INFOPLIST_KEY_UIMainStoryboardFile = Main;
				INFOPLIST_KEY_UISupportedInterfaceOrientations_iPad = "UIInterfaceOrientationPortrait UIInterfaceOrientationPortraitUpsideDown UIInterfaceOrientationLandscapeLeft UIInterfaceOrientationLandscapeRight";
				INFOPLIST_KEY_UISupportedInterfaceOrientations_iPhone = "UIInterfaceOrientationPortrait UIInterfaceOrientationLandscapeLeft UIInterfaceOrientationLandscapeRight";
				LD_RUNPATH_SEARCH_PATHS = (
					"$(inherited)",
					"@executable_path/Frameworks",
				);
				MARKETING_VERSION = 1.0;
				PRODUCT_BUNDLE_IDENTIFIER = AlexandreBrigolin.TransitandoDadosEntreTelas;
				PRODUCT_NAME = "$(TARGET_NAME)";
				SWIFT_EMIT_LOC_STRINGS = YES;
				SWIFT_VERSION = 5.0;
				TARGETED_DEVICE_FAMILY = "1,2";
			};
			name = Release;
		};
/* End XCBuildConfiguration section */

/* Begin XCConfigurationList section */
		3FC431192A1D77F0000F49B4 /* Build configuration list for PBXProject "TransitandoDadosEntreTelas" */ = {
			isa = XCConfigurationList;
			buildConfigurations = (
				3FC431302A1D77F2000F49B4 /* Debug */,
				3FC431312A1D77F2000F49B4 /* Release */,
			);
			defaultConfigurationIsVisible = 0;
			defaultConfigurationName = Release;
		};
		3FC431322A1D77F2000F49B4 /* Build configuration list for PBXNativeTarget "TransitandoDadosEntreTelas" */ = {
			isa = XCConfigurationList;
			buildConfigurations = (
				3FC431332A1D77F2000F49B4 /* Debug */,
				3FC431342A1D77F2000F49B4 /* Release */,
			);
			defaultConfigurationIsVisible = 0;
			defaultConfigurationName = Release;
		};
/* End XCConfigurationList section */
	};
	rootObject = 3FC431162A1D77F0000F49B4 /* Project object */;
}
