// !$*UTF8*$!
{
	archiveVersion = 1;
	classes = {
	};
	objectVersion = 56;
	objects = {

/* Begin PBXBuildFile section */
		3FC42FB22A0DAE5F000F49B4 /* AppDelegate.swift in Sources */ = {isa = PBXBuildFile; fileRef = 3FC42FB12A0DAE5F000F49B4 /* AppDelegate.swift */; };
		3FC42FB42A0DAE5F000F49B4 /* SceneDelegate.swift in Sources */ = {isa = PBXBuildFile; fileRef = 3FC42FB32A0DAE5F000F49B4 /* SceneDelegate.swift */; };
		3FC42FB62A0DAE5F000F49B4 /* ViewController.swift in Sources */ = {isa = PBXBuildFile; fileRef = 3FC42FB52A0DAE5F000F49B4 /* ViewController.swift */; };
		3FC42FB92A0DAE5F000F49B4 /* Main.storyboard in Resources */ = {isa = PBXBuildFile; fileRef = 3FC42FB72A0DAE5F000F49B4 /* Main.storyboard */; };
		3FC42FBB2A0DAE60000F49B4 /* Assets.xcassets in Resources */ = {isa = PBXBuildFile; fileRef = 3FC42FBA2A0DAE60000F49B4 /* Assets.xcassets */; };
		3FC42FBE2A0DAE61000F49B4 /* LaunchScreen.storyboard in Resources */ = {isa = PBXBuildFile; fileRef = 3FC42FBC2A0DAE61000F49B4 /* LaunchScreen.storyboard */; };
		3FC42FC92A0DAE61000F49B4 /* ChatGPTMVVMTests.swift in Sources */ = {isa = PBXBuildFile; fileRef = 3FC42FC82A0DAE61000F49B4 /* ChatGPTMVVMTests.swift */; };
		3FC42FD32A0DAE61000F49B4 /* ChatGPTMVVMUITests.swift in Sources */ = {isa = PBXBuildFile; fileRef = 3FC42FD22A0DAE61000F49B4 /* ChatGPTMVVMUITests.swift */; };
		3FC42FD52A0DAE61000F49B4 /* ChatGPTMVVMUITestsLaunchTests.swift in Sources */ = {isa = PBXBuildFile; fileRef = 3FC42FD42A0DAE61000F49B4 /* ChatGPTMVVMUITestsLaunchTests.swift */; };
/* End PBXBuildFile section */

/* Begin PBXContainerItemProxy section */
		3FC42FC52A0DAE61000F49B4 /* PBXContainerItemProxy */ = {
			isa = PBXContainerItemProxy;
			containerPortal = 3FC42FA62A0DAE5F000F49B4 /* Project object */;
			proxyType = 1;
			remoteGlobalIDString = 3FC42FAD2A0DAE5F000F49B4;
			remoteInfo = ChatGPTMVVM;
		};
		3FC42FCF2A0DAE61000F49B4 /* PBXContainerItemProxy */ = {
			isa = PBXContainerItemProxy;
			containerPortal = 3FC42FA62A0DAE5F000F49B4 /* Project object */;
			proxyType = 1;
			remoteGlobalIDString = 3FC42FAD2A0DAE5F000F49B4;
			remoteInfo = ChatGPTMVVM;
		};
/* End PBXContainerItemProxy section */

/* Begin PBXFileReference section */
		3FC42FAE2A0DAE5F000F49B4 /* ChatGPTMVVM.app */ = {isa = PBXFileReference; explicitFileType = wrapper.application; includeInIndex = 0; path = ChatGPTMVVM.app; sourceTree = BUILT_PRODUCTS_DIR; };
		3FC42FB12A0DAE5F000F49B4 /* AppDelegate.swift */ = {isa = PBXFileReference; lastKnownFileType = sourcecode.swift; path = AppDelegate.swift; sourceTree = "<group>"; };
		3FC42FB32A0DAE5F000F49B4 /* SceneDelegate.swift */ = {isa = PBXFileReference; lastKnownFileType = sourcecode.swift; path = SceneDelegate.swift; sourceTree = "<group>"; };
		3FC42FB52A0DAE5F000F49B4 /* ViewController.swift */ = {isa = PBXFileReference; lastKnownFileType = sourcecode.swift; path = ViewController.swift; sourceTree = "<group>"; };
		3FC42FB82A0DAE5F000F49B4 /* Base */ = {isa = PBXFileReference; lastKnownFileType = file.storyboard; name = Base; path = Base.lproj/Main.storyboard; sourceTree = "<group>"; };
		3FC42FBA2A0DAE60000F49B4 /* Assets.xcassets */ = {isa = PBXFileReference; lastKnownFileType = folder.assetcatalog; path = Assets.xcassets; sourceTree = "<group>"; };
		3FC42FBD2A0DAE61000F49B4 /* Base */ = {isa = PBXFileReference; lastKnownFileType = file.storyboard; name = Base; path = Base.lproj/LaunchScreen.storyboard; sourceTree = "<group>"; };
		3FC42FBF2A0DAE61000F49B4 /* Info.plist */ = {isa = PBXFileReference; lastKnownFileType = text.plist.xml; path = Info.plist; sourceTree = "<group>"; };
		3FC42FC42A0DAE61000F49B4 /* ChatGPTMVVMTests.xctest */ = {isa = PBXFileReference; explicitFileType = wrapper.cfbundle; includeInIndex = 0; path = ChatGPTMVVMTests.xctest; sourceTree = BUILT_PRODUCTS_DIR; };
		3FC42FC82A0DAE61000F49B4 /* ChatGPTMVVMTests.swift */ = {isa = PBXFileReference; lastKnownFileType = sourcecode.swift; path = ChatGPTMVVMTests.swift; sourceTree = "<group>"; };
		3FC42FCE2A0DAE61000F49B4 /* ChatGPTMVVMUITests.xctest */ = {isa = PBXFileReference; explicitFileType = wrapper.cfbundle; includeInIndex = 0; path = ChatGPTMVVMUITests.xctest; sourceTree = BUILT_PRODUCTS_DIR; };
		3FC42FD22A0DAE61000F49B4 /* ChatGPTMVVMUITests.swift */ = {isa = PBXFileReference; lastKnownFileType = sourcecode.swift; path = ChatGPTMVVMUITests.swift; sourceTree = "<group>"; };
		3FC42FD42A0DAE61000F49B4 /* ChatGPTMVVMUITestsLaunchTests.swift */ = {isa = PBXFileReference; lastKnownFileType = sourcecode.swift; path = ChatGPTMVVMUITestsLaunchTests.swift; sourceTree = "<group>"; };
/* End PBXFileReference section */

/* Begin PBXFrameworksBuildPhase section */
		3FC42FAB2A0DAE5F000F49B4 /* Frameworks */ = {
			isa = PBXFrameworksBuildPhase;
			buildActionMask = 2147483647;
			files = (
			);
			runOnlyForDeploymentPostprocessing = 0;
		};
		3FC42FC12A0DAE61000F49B4 /* Frameworks */ = {
			isa = PBXFrameworksBuildPhase;
			buildActionMask = 2147483647;
			files = (
			);
			runOnlyForDeploymentPostprocessing = 0;
		};
		3FC42FCB2A0DAE61000F49B4 /* Frameworks */ = {
			isa = PBXFrameworksBuildPhase;
			buildActionMask = 2147483647;
			files = (
			);
			runOnlyForDeploymentPostprocessing = 0;
		};
/* End PBXFrameworksBuildPhase section */

/* Begin PBXGroup section */
		3FC42FA52A0DAE5F000F49B4 = {
			isa = PBXGroup;
			children = (
				3FC42FB02A0DAE5F000F49B4 /* ChatGPTMVVM */,
				3FC42FC72A0DAE61000F49B4 /* ChatGPTMVVMTests */,
				3FC42FD12A0DAE61000F49B4 /* ChatGPTMVVMUITests */,
				3FC42FAF2A0DAE5F000F49B4 /* Products */,
			);
			sourceTree = "<group>";
		};
		3FC42FAF2A0DAE5F000F49B4 /* Products */ = {
			isa = PBXGroup;
			children = (
				3FC42FAE2A0DAE5F000F49B4 /* ChatGPTMVVM.app */,
				3FC42FC42A0DAE61000F49B4 /* ChatGPTMVVMTests.xctest */,
				3FC42FCE2A0DAE61000F49B4 /* ChatGPTMVVMUITests.xctest */,
			);
			name = Products;
			sourceTree = "<group>";
		};
		3FC42FB02A0DAE5F000F49B4 /* ChatGPTMVVM */ = {
			isa = PBXGroup;
			children = (
				3FC42FB12A0DAE5F000F49B4 /* AppDelegate.swift */,
				3FC42FB32A0DAE5F000F49B4 /* SceneDelegate.swift */,
				3FC42FB52A0DAE5F000F49B4 /* ViewController.swift */,
				3FC42FB72A0DAE5F000F49B4 /* Main.storyboard */,
				3FC42FBA2A0DAE60000F49B4 /* Assets.xcassets */,
				3FC42FBC2A0DAE61000F49B4 /* LaunchScreen.storyboard */,
				3FC42FBF2A0DAE61000F49B4 /* Info.plist */,
			);
			path = ChatGPTMVVM;
			sourceTree = "<group>";
		};
		3FC42FC72A0DAE61000F49B4 /* ChatGPTMVVMTests */ = {
			isa = PBXGroup;
			children = (
				3FC42FC82A0DAE61000F49B4 /* ChatGPTMVVMTests.swift */,
			);
			path = ChatGPTMVVMTests;
			sourceTree = "<group>";
		};
		3FC42FD12A0DAE61000F49B4 /* ChatGPTMVVMUITests */ = {
			isa = PBXGroup;
			children = (
				3FC42FD22A0DAE61000F49B4 /* ChatGPTMVVMUITests.swift */,
				3FC42FD42A0DAE61000F49B4 /* ChatGPTMVVMUITestsLaunchTests.swift */,
			);
			path = ChatGPTMVVMUITests;
			sourceTree = "<group>";
		};
/* End PBXGroup section */

/* Begin PBXNativeTarget section */
		3FC42FAD2A0DAE5F000F49B4 /* ChatGPTMVVM */ = {
			isa = PBXNativeTarget;
			buildConfigurationList = 3FC42FD82A0DAE61000F49B4 /* Build configuration list for PBXNativeTarget "ChatGPTMVVM" */;
			buildPhases = (
				3FC42FAA2A0DAE5F000F49B4 /* Sources */,
				3FC42FAB2A0DAE5F000F49B4 /* Frameworks */,
				3FC42FAC2A0DAE5F000F49B4 /* Resources */,
			);
			buildRules = (
			);
			dependencies = (
			);
			name = ChatGPTMVVM;
			productName = ChatGPTMVVM;
			productReference = 3FC42FAE2A0DAE5F000F49B4 /* ChatGPTMVVM.app */;
			productType = "com.apple.product-type.application";
		};
		3FC42FC32A0DAE61000F49B4 /* ChatGPTMVVMTests */ = {
			isa = PBXNativeTarget;
			buildConfigurationList = 3FC42FDB2A0DAE61000F49B4 /* Build configuration list for PBXNativeTarget "ChatGPTMVVMTests" */;
			buildPhases = (
				3FC42FC02A0DAE61000F49B4 /* Sources */,
				3FC42FC12A0DAE61000F49B4 /* Frameworks */,
				3FC42FC22A0DAE61000F49B4 /* Resources */,
			);
			buildRules = (
			);
			dependencies = (
				3FC42FC62A0DAE61000F49B4 /* PBXTargetDependency */,
			);
			name = ChatGPTMVVMTests;
			productName = ChatGPTMVVMTests;
			productReference = 3FC42FC42A0DAE61000F49B4 /* ChatGPTMVVMTests.xctest */;
			productType = "com.apple.product-type.bundle.unit-test";
		};
		3FC42FCD2A0DAE61000F49B4 /* ChatGPTMVVMUITests */ = {
			isa = PBXNativeTarget;
			buildConfigurationList = 3FC42FDE2A0DAE61000F49B4 /* Build configuration list for PBXNativeTarget "ChatGPTMVVMUITests" */;
			buildPhases = (
				3FC42FCA2A0DAE61000F49B4 /* Sources */,
				3FC42FCB2A0DAE61000F49B4 /* Frameworks */,
				3FC42FCC2A0DAE61000F49B4 /* Resources */,
			);
			buildRules = (
			);
			dependencies = (
				3FC42FD02A0DAE61000F49B4 /* PBXTargetDependency */,
			);
			name = ChatGPTMVVMUITests;
			productName = ChatGPTMVVMUITests;
			productReference = 3FC42FCE2A0DAE61000F49B4 /* ChatGPTMVVMUITests.xctest */;
			productType = "com.apple.product-type.bundle.ui-testing";
		};
/* End PBXNativeTarget section */

/* Begin PBXProject section */
		3FC42FA62A0DAE5F000F49B4 /* Project object */ = {
			isa = PBXProject;
			attributes = {
				BuildIndependentTargetsInParallel = 1;
				LastSwiftUpdateCheck = 1430;
				LastUpgradeCheck = 1430;
				TargetAttributes = {
					3FC42FAD2A0DAE5F000F49B4 = {
						CreatedOnToolsVersion = 14.3;
					};
					3FC42FC32A0DAE61000F49B4 = {
						CreatedOnToolsVersion = 14.3;
						TestTargetID = 3FC42FAD2A0DAE5F000F49B4;
					};
					3FC42FCD2A0DAE61000F49B4 = {
						CreatedOnToolsVersion = 14.3;
						TestTargetID = 3FC42FAD2A0DAE5F000F49B4;
					};
				};
			};
			buildConfigurationList = 3FC42FA92A0DAE5F000F49B4 /* Build configuration list for PBXProject "ChatGPTMVVM" */;
			compatibilityVersion = "Xcode 14.0";
			developmentRegion = en;
			hasScannedForEncodings = 0;
			knownRegions = (
				en,
				Base,
			);
			mainGroup = 3FC42FA52A0DAE5F000F49B4;
			productRefGroup = 3FC42FAF2A0DAE5F000F49B4 /* Products */;
			projectDirPath = "";
			projectRoot = "";
			targets = (
				3FC42FAD2A0DAE5F000F49B4 /* ChatGPTMVVM */,
				3FC42FC32A0DAE61000F49B4 /* ChatGPTMVVMTests */,
				3FC42FCD2A0DAE61000F49B4 /* ChatGPTMVVMUITests */,
			);
		};
/* End PBXProject section */

/* Begin PBXResourcesBuildPhase section */
		3FC42FAC2A0DAE5F000F49B4 /* Resources */ = {
			isa = PBXResourcesBuildPhase;
			buildActionMask = 2147483647;
			files = (
				3FC42FBE2A0DAE61000F49B4 /* LaunchScreen.storyboard in Resources */,
				3FC42FBB2A0DAE60000F49B4 /* Assets.xcassets in Resources */,
				3FC42FB92A0DAE5F000F49B4 /* Main.storyboard in Resources */,
			);
			runOnlyForDeploymentPostprocessing = 0;
		};
		3FC42FC22A0DAE61000F49B4 /* Resources */ = {
			isa = PBXResourcesBuildPhase;
			buildActionMask = 2147483647;
			files = (
			);
			runOnlyForDeploymentPostprocessing = 0;
		};
		3FC42FCC2A0DAE61000F49B4 /* Resources */ = {
			isa = PBXResourcesBuildPhase;
			buildActionMask = 2147483647;
			files = (
			);
			runOnlyForDeploymentPostprocessing = 0;
		};
/* End PBXResourcesBuildPhase section */

/* Begin PBXSourcesBuildPhase section */
		3FC42FAA2A0DAE5F000F49B4 /* Sources */ = {
			isa = PBXSourcesBuildPhase;
			buildActionMask = 2147483647;
			files = (
				3FC42FB62A0DAE5F000F49B4 /* ViewController.swift in Sources */,
				3FC42FB22A0DAE5F000F49B4 /* AppDelegate.swift in Sources */,
				3FC42FB42A0DAE5F000F49B4 /* SceneDelegate.swift in Sources */,
			);
			runOnlyForDeploymentPostprocessing = 0;
		};
		3FC42FC02A0DAE61000F49B4 /* Sources */ = {
			isa = PBXSourcesBuildPhase;
			buildActionMask = 2147483647;
			files = (
				3FC42FC92A0DAE61000F49B4 /* ChatGPTMVVMTests.swift in Sources */,
			);
			runOnlyForDeploymentPostprocessing = 0;
		};
		3FC42FCA2A0DAE61000F49B4 /* Sources */ = {
			isa = PBXSourcesBuildPhase;
			buildActionMask = 2147483647;
			files = (
				3FC42FD52A0DAE61000F49B4 /* ChatGPTMVVMUITestsLaunchTests.swift in Sources */,
				3FC42FD32A0DAE61000F49B4 /* ChatGPTMVVMUITests.swift in Sources */,
			);
			runOnlyForDeploymentPostprocessing = 0;
		};
/* End PBXSourcesBuildPhase section */

/* Begin PBXTargetDependency section */
		3FC42FC62A0DAE61000F49B4 /* PBXTargetDependency */ = {
			isa = PBXTargetDependency;
			target = 3FC42FAD2A0DAE5F000F49B4 /* ChatGPTMVVM */;
			targetProxy = 3FC42FC52A0DAE61000F49B4 /* PBXContainerItemProxy */;
		};
		3FC42FD02A0DAE61000F49B4 /* PBXTargetDependency */ = {
			isa = PBXTargetDependency;
			target = 3FC42FAD2A0DAE5F000F49B4 /* ChatGPTMVVM */;
			targetProxy = 3FC42FCF2A0DAE61000F49B4 /* PBXContainerItemProxy */;
		};
/* End PBXTargetDependency section */

/* Begin PBXVariantGroup section */
		3FC42FB72A0DAE5F000F49B4 /* Main.storyboard */ = {
			isa = PBXVariantGroup;
			children = (
				3FC42FB82A0DAE5F000F49B4 /* Base */,
			);
			name = Main.storyboard;
			sourceTree = "<group>";
		};
		3FC42FBC2A0DAE61000F49B4 /* LaunchScreen.storyboard */ = {
			isa = PBXVariantGroup;
			children = (
				3FC42FBD2A0DAE61000F49B4 /* Base */,
			);
			name = LaunchScreen.storyboard;
			sourceTree = "<group>";
		};
/* End PBXVariantGroup section */

/* Begin XCBuildConfiguration section */
		3FC42FD62A0DAE61000F49B4 /* Debug */ = {
			isa = XCBuildConfiguration;
			buildSettings = {
				ALWAYS_SEARCH_USER_PATHS = NO;
				CLANG_ANALYZER_NONNULL = YES;
				CLANG_ANALYZER_NUMBER_OBJECT_CONVERSION = YES_AGGRESSIVE;
				CLANG_CXX_LANGUAGE_STANDARD = "gnu++20";
				CLANG_ENABLE_MODULES = YES;
				CLANG_ENABLE_OBJC_ARC = YES;
				CLANG_ENABLE_OBJC_WEAK = YES;
				CLANG_WARN_BLOCK_CAPTURE_AUTORELEASING = YES;
				CLANG_WARN_BOOL_CONVERSION = YES;
				CLANG_WARN_COMMA = YES;
				CLANG_WARN_CONSTANT_CONVERSION = YES;
				CLANG_WARN_DEPRECATED_OBJC_IMPLEMENTATIONS = YES;
				CLANG_WARN_DIRECT_OBJC_ISA_USAGE = YES_ERROR;
				CLANG_WARN_DOCUMENTATION_COMMENTS = YES;
				CLANG_WARN_EMPTY_BODY = YES;
				CLANG_WARN_ENUM_CONVERSION = YES;
				CLANG_WARN_INFINITE_RECURSION = YES;
				CLANG_WARN_INT_CONVERSION = YES;
				CLANG_WARN_NON_LITERAL_NULL_CONVERSION = YES;
				CLANG_WARN_OBJC_IMPLICIT_RETAIN_SELF = YES;
				CLANG_WARN_OBJC_LITERAL_CONVERSION = YES;
				CLANG_WARN_OBJC_ROOT_CLASS = YES_ERROR;
				CLANG_WARN_QUOTED_INCLUDE_IN_FRAMEWORK_HEADER = YES;
				CLANG_WARN_RANGE_LOOP_ANALYSIS = YES;
				CLANG_WARN_STRICT_PROTOTYPES = YES;
				CLANG_WARN_SUSPICIOUS_MOVE = YES;
				CLANG_WARN_UNGUARDED_AVAILABILITY = YES_AGGRESSIVE;
				CLANG_WARN_UNREACHABLE_CODE = YES;
				CLANG_WARN__DUPLICATE_METHOD_MATCH = YES;
				COPY_PHASE_STRIP = NO;
				DEBUG_INFORMATION_FORMAT = dwarf;
				ENABLE_STRICT_OBJC_MSGSEND = YES;
				ENABLE_TESTABILITY = YES;
				GCC_C_LANGUAGE_STANDARD = gnu11;
				GCC_DYNAMIC_NO_PIC = NO;
				GCC_NO_COMMON_BLOCKS = YES;
				GCC_OPTIMIZATION_LEVEL = 0;
				GCC_PREPROCESSOR_DEFINITIONS = (
					"DEBUG=1",
					"$(inherited)",
				);
				GCC_WARN_64_TO_32_BIT_CONVERSION = YES;
				GCC_WARN_ABOUT_RETURN_TYPE = YES_ERROR;
				GCC_WARN_UNDECLARED_SELECTOR = YES;
				GCC_WARN_UNINITIALIZED_AUTOS = YES_AGGRESSIVE;
				GCC_WARN_UNUSED_FUNCTION = YES;
				GCC_WARN_UNUSED_VARIABLE = YES;
				IPHONEOS_DEPLOYMENT_TARGET = 16.4;
				MTL_ENABLE_DEBUG_INFO = INCLUDE_SOURCE;
				MTL_FAST_MATH = YES;
				ONLY_ACTIVE_ARCH = YES;
				SDKROOT = iphoneos;
				SWIFT_ACTIVE_COMPILATION_CONDITIONS = DEBUG;
				SWIFT_OPTIMIZATION_LEVEL = "-Onone";
			};
			name = Debug;
		};
		3FC42FD72A0DAE61000F49B4 /* Release */ = {
			isa = XCBuildConfiguration;
			buildSettings = {
				ALWAYS_SEARCH_USER_PATHS = NO;
				CLANG_ANALYZER_NONNULL = YES;
				CLANG_ANALYZER_NUMBER_OBJECT_CONVERSION = YES_AGGRESSIVE;
				CLANG_CXX_LANGUAGE_STANDARD = "gnu++20";
				CLANG_ENABLE_MODULES = YES;
				CLANG_ENABLE_OBJC_ARC = YES;
				CLANG_ENABLE_OBJC_WEAK = YES;
				CLANG_WARN_BLOCK_CAPTURE_AUTORELEASING = YES;
				CLANG_WARN_BOOL_CONVERSION = YES;
				CLANG_WARN_COMMA = YES;
				CLANG_WARN_CONSTANT_CONVERSION = YES;
				CLANG_WARN_DEPRECATED_OBJC_IMPLEMENTATIONS = YES;
				CLANG_WARN_DIRECT_OBJC_ISA_USAGE = YES_ERROR;
				CLANG_WARN_DOCUMENTATION_COMMENTS = YES;
				CLANG_WARN_EMPTY_BODY = YES;
				CLANG_WARN_ENUM_CONVERSION = YES;
				CLANG_WARN_INFINITE_RECURSION = YES;
				CLANG_WARN_INT_CONVERSION = YES;
				CLANG_WARN_NON_LITERAL_NULL_CONVERSION = YES;
				CLANG_WARN_OBJC_IMPLICIT_RETAIN_SELF = YES;
				CLANG_WARN_OBJC_LITERAL_CONVERSION = YES;
				CLANG_WARN_OBJC_ROOT_CLASS = YES_ERROR;
				CLANG_WARN_QUOTED_INCLUDE_IN_FRAMEWORK_HEADER = YES;
				CLANG_WARN_RANGE_LOOP_ANALYSIS = YES;
				CLANG_WARN_STRICT_PROTOTYPES = YES;
				CLANG_WARN_SUSPICIOUS_MOVE = YES;
				CLANG_WARN_UNGUARDED_AVAILABILITY = YES_AGGRESSIVE;
				CLANG_WARN_UNREACHABLE_CODE = YES;
				CLANG_WARN__DUPLICATE_METHOD_MATCH = YES;
				COPY_PHASE_STRIP = NO;
				DEBUG_INFORMATION_FORMAT = "dwarf-with-dsym";
				ENABLE_NS_ASSERTIONS = NO;
				ENABLE_STRICT_OBJC_MSGSEND = YES;
				GCC_C_LANGUAGE_STANDARD = gnu11;
				GCC_NO_COMMON_BLOCKS = YES;
				GCC_WARN_64_TO_32_BIT_CONVERSION = YES;
				GCC_WARN_ABOUT_RETURN_TYPE = YES_ERROR;
				GCC_WARN_UNDECLARED_SELECTOR = YES;
				GCC_WARN_UNINITIALIZED_AUTOS = YES_AGGRESSIVE;
				GCC_WARN_UNUSED_FUNCTION = YES;
				GCC_WARN_UNUSED_VARIABLE = YES;
				IPHONEOS_DEPLOYMENT_TARGET = 16.4;
				MTL_ENABLE_DEBUG_INFO = NO;
				MTL_FAST_MATH = YES;
				SDKROOT = iphoneos;
				SWIFT_COMPILATION_MODE = wholemodule;
				SWIFT_OPTIMIZATION_LEVEL = "-O";
				VALIDATE_PRODUCT = YES;
			};
			name = Release;
		};
		3FC42FD92A0DAE61000F49B4 /* Debug */ = {
			isa = XCBuildConfiguration;
			buildSettings = {
				ASSETCATALOG_COMPILER_APPICON_NAME = AppIcon;
				ASSETCATALOG_COMPILER_GLOBAL_ACCENT_COLOR_NAME = AccentColor;
				CODE_SIGN_STYLE = Automatic;
				CURRENT_PROJECT_VERSION = 1;
				GENERATE_INFOPLIST_FILE = YES;
				INFOPLIST_FILE = ChatGPTMVVM/Info.plist;
				INFOPLIST_KEY_UIApplicationSupportsIndirectInputEvents = YES;
				INFOPLIST_KEY_UILaunchStoryboardName = LaunchScreen;
				INFOPLIST_KEY_UIMainStoryboardFile = Main;
				INFOPLIST_KEY_UISupportedInterfaceOrientations_iPad = "UIInterfaceOrientationPortrait UIInterfaceOrientationPortraitUpsideDown UIInterfaceOrientationLandscapeLeft UIInterfaceOrientationLandscapeRight";
				INFOPLIST_KEY_UISupportedInterfaceOrientations_iPhone = "UIInterfaceOrientationPortrait UIInterfaceOrientationLandscapeLeft UIInterfaceOrientationLandscapeRight";
				LD_RUNPATH_SEARCH_PATHS = (
					"$(inherited)",
					"@executable_path/Frameworks",
				);
				MARKETING_VERSION = 1.0;
				PRODUCT_BUNDLE_IDENTIFIER = AlexandreBrigolin.ChatGPTMVVM;
				PRODUCT_NAME = "$(TARGET_NAME)";
				SWIFT_EMIT_LOC_STRINGS = YES;
				SWIFT_VERSION = 5.0;
				TARGETED_DEVICE_FAMILY = "1,2";
			};
			name = Debug;
		};
		3FC42FDA2A0DAE61000F49B4 /* Release */ = {
			isa = XCBuildConfiguration;
			buildSettings = {
				ASSETCATALOG_COMPILER_APPICON_NAME = AppIcon;
				ASSETCATALOG_COMPILER_GLOBAL_ACCENT_COLOR_NAME = AccentColor;
				CODE_SIGN_STYLE = Automatic;
				CURRENT_PROJECT_VERSION = 1;
				GENERATE_INFOPLIST_FILE = YES;
				INFOPLIST_FILE = ChatGPTMVVM/Info.plist;
				INFOPLIST_KEY_UIApplicationSupportsIndirectInputEvents = YES;
				INFOPLIST_KEY_UILaunchStoryboardName = LaunchScreen;
				INFOPLIST_KEY_UIMainStoryboardFile = Main;
				INFOPLIST_KEY_UISupportedInterfaceOrientations_iPad = "UIInterfaceOrientationPortrait UIInterfaceOrientationPortraitUpsideDown UIInterfaceOrientationLandscapeLeft UIInterfaceOrientationLandscapeRight";
				INFOPLIST_KEY_UISupportedInterfaceOrientations_iPhone = "UIInterfaceOrientationPortrait UIInterfaceOrientationLandscapeLeft UIInterfaceOrientationLandscapeRight";
				LD_RUNPATH_SEARCH_PATHS = (
					"$(inherited)",
					"@executable_path/Frameworks",
				);
				MARKETING_VERSION = 1.0;
				PRODUCT_BUNDLE_IDENTIFIER = AlexandreBrigolin.ChatGPTMVVM;
				PRODUCT_NAME = "$(TARGET_NAME)";
				SWIFT_EMIT_LOC_STRINGS = YES;
				SWIFT_VERSION = 5.0;
				TARGETED_DEVICE_FAMILY = "1,2";
			};
			name = Release;
		};
		3FC42FDC2A0DAE61000F49B4 /* Debug */ = {
			isa = XCBuildConfiguration;
			buildSettings = {
				ALWAYS_EMBED_SWIFT_STANDARD_LIBRARIES = YES;
				BUNDLE_LOADER = "$(TEST_HOST)";
				CODE_SIGN_STYLE = Automatic;
				CURRENT_PROJECT_VERSION = 1;
				GENERATE_INFOPLIST_FILE = YES;
				IPHONEOS_DEPLOYMENT_TARGET = 16.4;
				MARKETING_VERSION = 1.0;
				PRODUCT_BUNDLE_IDENTIFIER = AlexandreBrigolin.ChatGPTMVVMTests;
				PRODUCT_NAME = "$(TARGET_NAME)";
				SWIFT_EMIT_LOC_STRINGS = NO;
				SWIFT_VERSION = 5.0;
				TARGETED_DEVICE_FAMILY = "1,2";
				TEST_HOST = "$(BUILT_PRODUCTS_DIR)/ChatGPTMVVM.app/$(BUNDLE_EXECUTABLE_FOLDER_PATH)/ChatGPTMVVM";
			};
			name = Debug;
		};
		3FC42FDD2A0DAE61000F49B4 /* Release */ = {
			isa = XCBuildConfiguration;
			buildSettings = {
				ALWAYS_EMBED_SWIFT_STANDARD_LIBRARIES = YES;
				BUNDLE_LOADER = "$(TEST_HOST)";
				CODE_SIGN_STYLE = Automatic;
				CURRENT_PROJECT_VERSION = 1;
				GENERATE_INFOPLIST_FILE = YES;
				IPHONEOS_DEPLOYMENT_TARGET = 16.4;
				MARKETING_VERSION = 1.0;
				PRODUCT_BUNDLE_IDENTIFIER = AlexandreBrigolin.ChatGPTMVVMTests;
				PRODUCT_NAME = "$(TARGET_NAME)";
				SWIFT_EMIT_LOC_STRINGS = NO;
				SWIFT_VERSION = 5.0;
				TARGETED_DEVICE_FAMILY = "1,2";
				TEST_HOST = "$(BUILT_PRODUCTS_DIR)/ChatGPTMVVM.app/$(BUNDLE_EXECUTABLE_FOLDER_PATH)/ChatGPTMVVM";
			};
			name = Release;
		};
		3FC42FDF2A0DAE61000F49B4 /* Debug */ = {
			isa = XCBuildConfiguration;
			buildSettings = {
				ALWAYS_EMBED_SWIFT_STANDARD_LIBRARIES = YES;
				CODE_SIGN_STYLE = Automatic;
				CURRENT_PROJECT_VERSION = 1;
				GENERATE_INFOPLIST_FILE = YES;
				MARKETING_VERSION = 1.0;
				PRODUCT_BUNDLE_IDENTIFIER = AlexandreBrigolin.ChatGPTMVVMUITests;
				PRODUCT_NAME = "$(TARGET_NAME)";
				SWIFT_EMIT_LOC_STRINGS = NO;
				SWIFT_VERSION = 5.0;
				TARGETED_DEVICE_FAMILY = "1,2";
				TEST_TARGET_NAME = ChatGPTMVVM;
			};
			name = Debug;
		};
		3FC42FE02A0DAE61000F49B4 /* Release */ = {
			isa = XCBuildConfiguration;
			buildSettings = {
				ALWAYS_EMBED_SWIFT_STANDARD_LIBRARIES = YES;
				CODE_SIGN_STYLE = Automatic;
				CURRENT_PROJECT_VERSION = 1;
				GENERATE_INFOPLIST_FILE = YES;
				MARKETING_VERSION = 1.0;
				PRODUCT_BUNDLE_IDENTIFIER = AlexandreBrigolin.ChatGPTMVVMUITests;
				PRODUCT_NAME = "$(TARGET_NAME)";
				SWIFT_EMIT_LOC_STRINGS = NO;
				SWIFT_VERSION = 5.0;
				TARGETED_DEVICE_FAMILY = "1,2";
				TEST_TARGET_NAME = ChatGPTMVVM;
			};
			name = Release;
		};
/* End XCBuildConfiguration section */

/* Begin XCConfigurationList section */
		3FC42FA92A0DAE5F000F49B4 /* Build configuration list for PBXProject "ChatGPTMVVM" */ = {
			isa = XCConfigurationList;
			buildConfigurations = (
				3FC42FD62A0DAE61000F49B4 /* Debug */,
				3FC42FD72A0DAE61000F49B4 /* Release */,
			);
			defaultConfigurationIsVisible = 0;
			defaultConfigurationName = Release;
		};
		3FC42FD82A0DAE61000F49B4 /* Build configuration list for PBXNativeTarget "ChatGPTMVVM" */ = {
			isa = XCConfigurationList;
			buildConfigurations = (
				3FC42FD92A0DAE61000F49B4 /* Debug */,
				3FC42FDA2A0DAE61000F49B4 /* Release */,
			);
			defaultConfigurationIsVisible = 0;
			defaultConfigurationName = Release;
		};
		3FC42FDB2A0DAE61000F49B4 /* Build configuration list for PBXNativeTarget "ChatGPTMVVMTests" */ = {
			isa = XCConfigurationList;
			buildConfigurations = (
				3FC42FDC2A0DAE61000F49B4 /* Debug */,
				3FC42FDD2A0DAE61000F49B4 /* Release */,
			);
			defaultConfigurationIsVisible = 0;
			defaultConfigurationName = Release;
		};
		3FC42FDE2A0DAE61000F49B4 /* Build configuration list for PBXNativeTarget "ChatGPTMVVMUITests" */ = {
			isa = XCConfigurationList;
			buildConfigurations = (
				3FC42FDF2A0DAE61000F49B4 /* Debug */,
				3FC42FE02A0DAE61000F49B4 /* Release */,
			);
			defaultConfigurationIsVisible = 0;
			defaultConfigurationName = Release;
		};
/* End XCConfigurationList section */
	};
	rootObject = 3FC42FA62A0DAE5F000F49B4 /* Project object */;
}
