// !$*UTF8*$!
{
	archiveVersion = 1;
	classes = {
	};
	objectVersion = 56;
	objects = {

/* Begin PBXBuildFile section */
		3FC42F282A047491000F49B4 /* AppDelegate.swift in Sources */ = {isa = PBXBuildFile; fileRef = 3FC42F272A047491000F49B4 /* AppDelegate.swift */; };
		3FC42F2A2A047491000F49B4 /* SceneDelegate.swift in Sources */ = {isa = PBXBuildFile; fileRef = 3FC42F292A047491000F49B4 /* SceneDelegate.swift */; };
		3FC42F2C2A047491000F49B4 /* ViewController.swift in Sources */ = {isa = PBXBuildFile; fileRef = 3FC42F2B2A047491000F49B4 /* ViewController.swift */; };
		3FC42F2F2A047491000F49B4 /* Main.storyboard in Resources */ = {isa = PBXBuildFile; fileRef = 3FC42F2D2A047491000F49B4 /* Main.storyboard */; };
		3FC42F312A047493000F49B4 /* Assets.xcassets in Resources */ = {isa = PBXBuildFile; fileRef = 3FC42F302A047493000F49B4 /* Assets.xcassets */; };
		3FC42F342A047493000F49B4 /* LaunchScreen.storyboard in Resources */ = {isa = PBXBuildFile; fileRef = 3FC42F322A047493000F49B4 /* LaunchScreen.storyboard */; };
		3FC42F3F2A047493000F49B4 /* NotificationEProtocoloTests.swift in Sources */ = {isa = PBXBuildFile; fileRef = 3FC42F3E2A047493000F49B4 /* NotificationEProtocoloTests.swift */; };
		3FC42F492A047493000F49B4 /* NotificationEProtocoloUITests.swift in Sources */ = {isa = PBXBuildFile; fileRef = 3FC42F482A047493000F49B4 /* NotificationEProtocoloUITests.swift */; };
		3FC42F4B2A047493000F49B4 /* NotificationEProtocoloUITestsLaunchTests.swift in Sources */ = {isa = PBXBuildFile; fileRef = 3FC42F4A2A047493000F49B4 /* NotificationEProtocoloUITestsLaunchTests.swift */; };
		3FC42F592A047806000F49B4 /* SelectionViewController.swift in Sources */ = {isa = PBXBuildFile; fileRef = 3FC42F582A047806000F49B4 /* SelectionViewController.swift */; };
		3FC42F5B2A047A5A000F49B4 /* SelectionViewController.storyboard in Resources */ = {isa = PBXBuildFile; fileRef = 3FC42F5A2A047A5A000F49B4 /* SelectionViewController.storyboard */; };
		3FC42F5E2A09A2EA000F49B4 /* NotificationCenterExtension.swift in Sources */ = {isa = PBXBuildFile; fileRef = 3FC42F5D2A09A2EA000F49B4 /* NotificationCenterExtension.swift */; };
/* End PBXBuildFile section */

/* Begin PBXContainerItemProxy section */
		3FC42F3B2A047493000F49B4 /* PBXContainerItemProxy */ = {
			isa = PBXContainerItemProxy;
			containerPortal = 3FC42F1C2A047491000F49B4 /* Project object */;
			proxyType = 1;
			remoteGlobalIDString = 3FC42F232A047491000F49B4;
			remoteInfo = NotificationEProtocolo;
		};
		3FC42F452A047493000F49B4 /* PBXContainerItemProxy */ = {
			isa = PBXContainerItemProxy;
			containerPortal = 3FC42F1C2A047491000F49B4 /* Project object */;
			proxyType = 1;
			remoteGlobalIDString = 3FC42F232A047491000F49B4;
			remoteInfo = NotificationEProtocolo;
		};
/* End PBXContainerItemProxy section */

/* Begin PBXFileReference section */
		3FC42F242A047491000F49B4 /* NotificationEProtocolo.app */ = {isa = PBXFileReference; explicitFileType = wrapper.application; includeInIndex = 0; path = NotificationEProtocolo.app; sourceTree = BUILT_PRODUCTS_DIR; };
		3FC42F272A047491000F49B4 /* AppDelegate.swift */ = {isa = PBXFileReference; lastKnownFileType = sourcecode.swift; path = AppDelegate.swift; sourceTree = "<group>"; };
		3FC42F292A047491000F49B4 /* SceneDelegate.swift */ = {isa = PBXFileReference; lastKnownFileType = sourcecode.swift; path = SceneDelegate.swift; sourceTree = "<group>"; };
		3FC42F2B2A047491000F49B4 /* ViewController.swift */ = {isa = PBXFileReference; lastKnownFileType = sourcecode.swift; path = ViewController.swift; sourceTree = "<group>"; };
		3FC42F2E2A047491000F49B4 /* Base */ = {isa = PBXFileReference; lastKnownFileType = file.storyboard; name = Base; path = Base.lproj/Main.storyboard; sourceTree = "<group>"; };
		3FC42F302A047493000F49B4 /* Assets.xcassets */ = {isa = PBXFileReference; lastKnownFileType = folder.assetcatalog; path = Assets.xcassets; sourceTree = "<group>"; };
		3FC42F332A047493000F49B4 /* Base */ = {isa = PBXFileReference; lastKnownFileType = file.storyboard; name = Base; path = Base.lproj/LaunchScreen.storyboard; sourceTree = "<group>"; };
		3FC42F352A047493000F49B4 /* Info.plist */ = {isa = PBXFileReference; lastKnownFileType = text.plist.xml; path = Info.plist; sourceTree = "<group>"; };
		3FC42F3A2A047493000F49B4 /* NotificationEProtocoloTests.xctest */ = {isa = PBXFileReference; explicitFileType = wrapper.cfbundle; includeInIndex = 0; path = NotificationEProtocoloTests.xctest; sourceTree = BUILT_PRODUCTS_DIR; };
		3FC42F3E2A047493000F49B4 /* NotificationEProtocoloTests.swift */ = {isa = PBXFileReference; lastKnownFileType = sourcecode.swift; path = NotificationEProtocoloTests.swift; sourceTree = "<group>"; };
		3FC42F442A047493000F49B4 /* NotificationEProtocoloUITests.xctest */ = {isa = PBXFileReference; explicitFileType = wrapper.cfbundle; includeInIndex = 0; path = NotificationEProtocoloUITests.xctest; sourceTree = BUILT_PRODUCTS_DIR; };
		3FC42F482A047493000F49B4 /* NotificationEProtocoloUITests.swift */ = {isa = PBXFileReference; lastKnownFileType = sourcecode.swift; path = NotificationEProtocoloUITests.swift; sourceTree = "<group>"; };
		3FC42F4A2A047493000F49B4 /* NotificationEProtocoloUITestsLaunchTests.swift */ = {isa = PBXFileReference; lastKnownFileType = sourcecode.swift; path = NotificationEProtocoloUITestsLaunchTests.swift; sourceTree = "<group>"; };
		3FC42F582A047806000F49B4 /* SelectionViewController.swift */ = {isa = PBXFileReference; lastKnownFileType = sourcecode.swift; path = SelectionViewController.swift; sourceTree = "<group>"; };
		3FC42F5A2A047A5A000F49B4 /* SelectionViewController.storyboard */ = {isa = PBXFileReference; lastKnownFileType = file.storyboard; path = SelectionViewController.storyboard; sourceTree = "<group>"; };
		3FC42F5D2A09A2EA000F49B4 /* NotificationCenterExtension.swift */ = {isa = PBXFileReference; lastKnownFileType = sourcecode.swift; path = NotificationCenterExtension.swift; sourceTree = "<group>"; };
/* End PBXFileReference section */

/* Begin PBXFrameworksBuildPhase section */
		3FC42F212A047491000F49B4 /* Frameworks */ = {
			isa = PBXFrameworksBuildPhase;
			buildActionMask = 2147483647;
			files = (
			);
			runOnlyForDeploymentPostprocessing = 0;
		};
		3FC42F372A047493000F49B4 /* Frameworks */ = {
			isa = PBXFrameworksBuildPhase;
			buildActionMask = 2147483647;
			files = (
			);
			runOnlyForDeploymentPostprocessing = 0;
		};
		3FC42F412A047493000F49B4 /* Frameworks */ = {
			isa = PBXFrameworksBuildPhase;
			buildActionMask = 2147483647;
			files = (
			);
			runOnlyForDeploymentPostprocessing = 0;
		};
/* End PBXFrameworksBuildPhase section */

/* Begin PBXGroup section */
		3FC42F1B2A047491000F49B4 = {
			isa = PBXGroup;
			children = (
				3FC42F262A047491000F49B4 /* NotificationEProtocolo */,
				3FC42F3D2A047493000F49B4 /* NotificationEProtocoloTests */,
				3FC42F472A047493000F49B4 /* NotificationEProtocoloUITests */,
				3FC42F252A047491000F49B4 /* Products */,
			);
			sourceTree = "<group>";
		};
		3FC42F252A047491000F49B4 /* Products */ = {
			isa = PBXGroup;
			children = (
				3FC42F242A047491000F49B4 /* NotificationEProtocolo.app */,
				3FC42F3A2A047493000F49B4 /* NotificationEProtocoloTests.xctest */,
				3FC42F442A047493000F49B4 /* NotificationEProtocoloUITests.xctest */,
			);
			name = Products;
			sourceTree = "<group>";
		};
		3FC42F262A047491000F49B4 /* NotificationEProtocolo */ = {
			isa = PBXGroup;
			children = (
				3FC42F572A0477E5000F49B4 /* SelectionViewController */,
				3FC42F2B2A047491000F49B4 /* ViewController.swift */,
				3FC42F2D2A047491000F49B4 /* Main.storyboard */,
				3FC42F272A047491000F49B4 /* AppDelegate.swift */,
				3FC42F292A047491000F49B4 /* SceneDelegate.swift */,
				3FC42F302A047493000F49B4 /* Assets.xcassets */,
				3FC42F322A047493000F49B4 /* LaunchScreen.storyboard */,
				3FC42F352A047493000F49B4 /* Info.plist */,
			);
			path = NotificationEProtocolo;
			sourceTree = "<group>";
		};
		3FC42F3D2A047493000F49B4 /* NotificationEProtocoloTests */ = {
			isa = PBXGroup;
			children = (
				3FC42F3E2A047493000F49B4 /* NotificationEProtocoloTests.swift */,
			);
			path = NotificationEProtocoloTests;
			sourceTree = "<group>";
		};
		3FC42F472A047493000F49B4 /* NotificationEProtocoloUITests */ = {
			isa = PBXGroup;
			children = (
				3FC42F482A047493000F49B4 /* NotificationEProtocoloUITests.swift */,
				3FC42F4A2A047493000F49B4 /* NotificationEProtocoloUITestsLaunchTests.swift */,
			);
			path = NotificationEProtocoloUITests;
			sourceTree = "<group>";
		};
		3FC42F572A0477E5000F49B4 /* SelectionViewController */ = {
			isa = PBXGroup;
			children = (
				3FC42F5C2A09A2B3000F49B4 /* Extension */,
				3FC42F582A047806000F49B4 /* SelectionViewController.swift */,
				3FC42F5A2A047A5A000F49B4 /* SelectionViewController.storyboard */,
			);
			path = SelectionViewController;
			sourceTree = "<group>";
		};
		3FC42F5C2A09A2B3000F49B4 /* Extension */ = {
			isa = PBXGroup;
			children = (
				3FC42F5D2A09A2EA000F49B4 /* NotificationCenterExtension.swift */,
			);
			path = Extension;
			sourceTree = "<group>";
		};
/* End PBXGroup section */

/* Begin PBXNativeTarget section */
		3FC42F232A047491000F49B4 /* NotificationEProtocolo */ = {
			isa = PBXNativeTarget;
			buildConfigurationList = 3FC42F4E2A047493000F49B4 /* Build configuration list for PBXNativeTarget "NotificationEProtocolo" */;
			buildPhases = (
				3FC42F202A047491000F49B4 /* Sources */,
				3FC42F212A047491000F49B4 /* Frameworks */,
				3FC42F222A047491000F49B4 /* Resources */,
			);
			buildRules = (
			);
			dependencies = (
			);
			name = NotificationEProtocolo;
			productName = NotificationEProtocolo;
			productReference = 3FC42F242A047491000F49B4 /* NotificationEProtocolo.app */;
			productType = "com.apple.product-type.application";
		};
		3FC42F392A047493000F49B4 /* NotificationEProtocoloTests */ = {
			isa = PBXNativeTarget;
			buildConfigurationList = 3FC42F512A047493000F49B4 /* Build configuration list for PBXNativeTarget "NotificationEProtocoloTests" */;
			buildPhases = (
				3FC42F362A047493000F49B4 /* Sources */,
				3FC42F372A047493000F49B4 /* Frameworks */,
				3FC42F382A047493000F49B4 /* Resources */,
			);
			buildRules = (
			);
			dependencies = (
				3FC42F3C2A047493000F49B4 /* PBXTargetDependency */,
			);
			name = NotificationEProtocoloTests;
			productName = NotificationEProtocoloTests;
			productReference = 3FC42F3A2A047493000F49B4 /* NotificationEProtocoloTests.xctest */;
			productType = "com.apple.product-type.bundle.unit-test";
		};
		3FC42F432A047493000F49B4 /* NotificationEProtocoloUITests */ = {
			isa = PBXNativeTarget;
			buildConfigurationList = 3FC42F542A047493000F49B4 /* Build configuration list for PBXNativeTarget "NotificationEProtocoloUITests" */;
			buildPhases = (
				3FC42F402A047493000F49B4 /* Sources */,
				3FC42F412A047493000F49B4 /* Frameworks */,
				3FC42F422A047493000F49B4 /* Resources */,
			);
			buildRules = (
			);
			dependencies = (
				3FC42F462A047493000F49B4 /* PBXTargetDependency */,
			);
			name = NotificationEProtocoloUITests;
			productName = NotificationEProtocoloUITests;
			productReference = 3FC42F442A047493000F49B4 /* NotificationEProtocoloUITests.xctest */;
			productType = "com.apple.product-type.bundle.ui-testing";
		};
/* End PBXNativeTarget section */

/* Begin PBXProject section */
		3FC42F1C2A047491000F49B4 /* Project object */ = {
			isa = PBXProject;
			attributes = {
				BuildIndependentTargetsInParallel = 1;
				LastSwiftUpdateCheck = 1430;
				LastUpgradeCheck = 1430;
				TargetAttributes = {
					3FC42F232A047491000F49B4 = {
						CreatedOnToolsVersion = 14.3;
					};
					3FC42F392A047493000F49B4 = {
						CreatedOnToolsVersion = 14.3;
						TestTargetID = 3FC42F232A047491000F49B4;
					};
					3FC42F432A047493000F49B4 = {
						CreatedOnToolsVersion = 14.3;
						TestTargetID = 3FC42F232A047491000F49B4;
					};
				};
			};
			buildConfigurationList = 3FC42F1F2A047491000F49B4 /* Build configuration list for PBXProject "NotificationEProtocolo" */;
			compatibilityVersion = "Xcode 14.0";
			developmentRegion = en;
			hasScannedForEncodings = 0;
			knownRegions = (
				en,
				Base,
			);
			mainGroup = 3FC42F1B2A047491000F49B4;
			productRefGroup = 3FC42F252A047491000F49B4 /* Products */;
			projectDirPath = "";
			projectRoot = "";
			targets = (
				3FC42F232A047491000F49B4 /* NotificationEProtocolo */,
				3FC42F392A047493000F49B4 /* NotificationEProtocoloTests */,
				3FC42F432A047493000F49B4 /* NotificationEProtocoloUITests */,
			);
		};
/* End PBXProject section */

/* Begin PBXResourcesBuildPhase section */
		3FC42F222A047491000F49B4 /* Resources */ = {
			isa = PBXResourcesBuildPhase;
			buildActionMask = 2147483647;
			files = (
				3FC42F342A047493000F49B4 /* LaunchScreen.storyboard in Resources */,
				3FC42F312A047493000F49B4 /* Assets.xcassets in Resources */,
				3FC42F5B2A047A5A000F49B4 /* SelectionViewController.storyboard in Resources */,
				3FC42F2F2A047491000F49B4 /* Main.storyboard in Resources */,
			);
			runOnlyForDeploymentPostprocessing = 0;
		};
		3FC42F382A047493000F49B4 /* Resources */ = {
			isa = PBXResourcesBuildPhase;
			buildActionMask = 2147483647;
			files = (
			);
			runOnlyForDeploymentPostprocessing = 0;
		};
		3FC42F422A047493000F49B4 /* Resources */ = {
			isa = PBXResourcesBuildPhase;
			buildActionMask = 2147483647;
			files = (
			);
			runOnlyForDeploymentPostprocessing = 0;
		};
/* End PBXResourcesBuildPhase section */

/* Begin PBXSourcesBuildPhase section */
		3FC42F202A047491000F49B4 /* Sources */ = {
			isa = PBXSourcesBuildPhase;
			buildActionMask = 2147483647;
			files = (
				3FC42F5E2A09A2EA000F49B4 /* NotificationCenterExtension.swift in Sources */,
				3FC42F2C2A047491000F49B4 /* ViewController.swift in Sources */,
				3FC42F592A047806000F49B4 /* SelectionViewController.swift in Sources */,
				3FC42F282A047491000F49B4 /* AppDelegate.swift in Sources */,
				3FC42F2A2A047491000F49B4 /* SceneDelegate.swift in Sources */,
			);
			runOnlyForDeploymentPostprocessing = 0;
		};
		3FC42F362A047493000F49B4 /* Sources */ = {
			isa = PBXSourcesBuildPhase;
			buildActionMask = 2147483647;
			files = (
				3FC42F3F2A047493000F49B4 /* NotificationEProtocoloTests.swift in Sources */,
			);
			runOnlyForDeploymentPostprocessing = 0;
		};
		3FC42F402A047493000F49B4 /* Sources */ = {
			isa = PBXSourcesBuildPhase;
			buildActionMask = 2147483647;
			files = (
				3FC42F492A047493000F49B4 /* NotificationEProtocoloUITests.swift in Sources */,
				3FC42F4B2A047493000F49B4 /* NotificationEProtocoloUITestsLaunchTests.swift in Sources */,
			);
			runOnlyForDeploymentPostprocessing = 0;
		};
/* End PBXSourcesBuildPhase section */

/* Begin PBXTargetDependency section */
		3FC42F3C2A047493000F49B4 /* PBXTargetDependency */ = {
			isa = PBXTargetDependency;
			target = 3FC42F232A047491000F49B4 /* NotificationEProtocolo */;
			targetProxy = 3FC42F3B2A047493000F49B4 /* PBXContainerItemProxy */;
		};
		3FC42F462A047493000F49B4 /* PBXTargetDependency */ = {
			isa = PBXTargetDependency;
			target = 3FC42F232A047491000F49B4 /* NotificationEProtocolo */;
			targetProxy = 3FC42F452A047493000F49B4 /* PBXContainerItemProxy */;
		};
/* End PBXTargetDependency section */

/* Begin PBXVariantGroup section */
		3FC42F2D2A047491000F49B4 /* Main.storyboard */ = {
			isa = PBXVariantGroup;
			children = (
				3FC42F2E2A047491000F49B4 /* Base */,
			);
			name = Main.storyboard;
			sourceTree = "<group>";
		};
		3FC42F322A047493000F49B4 /* LaunchScreen.storyboard */ = {
			isa = PBXVariantGroup;
			children = (
				3FC42F332A047493000F49B4 /* Base */,
			);
			name = LaunchScreen.storyboard;
			sourceTree = "<group>";
		};
/* End PBXVariantGroup section */

/* Begin XCBuildConfiguration section */
		3FC42F4C2A047493000F49B4 /* Debug */ = {
			isa = XCBuildConfiguration;
			buildSettings = {
				ALWAYS_SEARCH_USER_PATHS = NO;
				CLANG_ANALYZER_NONNULL = YES;
				CLANG_ANALYZER_NUMBER_OBJECT_CONVERSION = YES_AGGRESSIVE;
				CLANG_CXX_LANGUAGE_STANDARD = "gnu++20";
				CLANG_ENABLE_MODULES = YES;
				CLANG_ENABLE_OBJC_ARC = YES;
				CLANG_ENABLE_OBJC_WEAK = YES;
				CLANG_WARN_BLOCK_CAPTURE_AUTORELEASING = YES;
				CLANG_WARN_BOOL_CONVERSION = YES;
				CLANG_WARN_COMMA = YES;
				CLANG_WARN_CONSTANT_CONVERSION = YES;
				CLANG_WARN_DEPRECATED_OBJC_IMPLEMENTATIONS = YES;
				CLANG_WARN_DIRECT_OBJC_ISA_USAGE = YES_ERROR;
				CLANG_WARN_DOCUMENTATION_COMMENTS = YES;
				CLANG_WARN_EMPTY_BODY = YES;
				CLANG_WARN_ENUM_CONVERSION = YES;
				CLANG_WARN_INFINITE_RECURSION = YES;
				CLANG_WARN_INT_CONVERSION = YES;
				CLANG_WARN_NON_LITERAL_NULL_CONVERSION = YES;
				CLANG_WARN_OBJC_IMPLICIT_RETAIN_SELF = YES;
				CLANG_WARN_OBJC_LITERAL_CONVERSION = YES;
				CLANG_WARN_OBJC_ROOT_CLASS = YES_ERROR;
				CLANG_WARN_QUOTED_INCLUDE_IN_FRAMEWORK_HEADER = YES;
				CLANG_WARN_RANGE_LOOP_ANALYSIS = YES;
				CLANG_WARN_STRICT_PROTOTYPES = YES;
				CLANG_WARN_SUSPICIOUS_MOVE = YES;
				CLANG_WARN_UNGUARDED_AVAILABILITY = YES_AGGRESSIVE;
				CLANG_WARN_UNREACHABLE_CODE = YES;
				CLANG_WARN__DUPLICATE_METHOD_MATCH = YES;
				COPY_PHASE_STRIP = NO;
				DEBUG_INFORMATION_FORMAT = dwarf;
				ENABLE_STRICT_OBJC_MSGSEND = YES;
				ENABLE_TESTABILITY = YES;
				GCC_C_LANGUAGE_STANDARD = gnu11;
				GCC_DYNAMIC_NO_PIC = NO;
				GCC_NO_COMMON_BLOCKS = YES;
				GCC_OPTIMIZATION_LEVEL = 0;
				GCC_PREPROCESSOR_DEFINITIONS = (
					"DEBUG=1",
					"$(inherited)",
				);
				GCC_WARN_64_TO_32_BIT_CONVERSION = YES;
				GCC_WARN_ABOUT_RETURN_TYPE = YES_ERROR;
				GCC_WARN_UNDECLARED_SELECTOR = YES;
				GCC_WARN_UNINITIALIZED_AUTOS = YES_AGGRESSIVE;
				GCC_WARN_UNUSED_FUNCTION = YES;
				GCC_WARN_UNUSED_VARIABLE = YES;
				IPHONEOS_DEPLOYMENT_TARGET = 16.4;
				MTL_ENABLE_DEBUG_INFO = INCLUDE_SOURCE;
				MTL_FAST_MATH = YES;
				ONLY_ACTIVE_ARCH = YES;
				SDKROOT = iphoneos;
				SWIFT_ACTIVE_COMPILATION_CONDITIONS = DEBUG;
				SWIFT_OPTIMIZATION_LEVEL = "-Onone";
			};
			name = Debug;
		};
		3FC42F4D2A047493000F49B4 /* Release */ = {
			isa = XCBuildConfiguration;
			buildSettings = {
				ALWAYS_SEARCH_USER_PATHS = NO;
				CLANG_ANALYZER_NONNULL = YES;
				CLANG_ANALYZER_NUMBER_OBJECT_CONVERSION = YES_AGGRESSIVE;
				CLANG_CXX_LANGUAGE_STANDARD = "gnu++20";
				CLANG_ENABLE_MODULES = YES;
				CLANG_ENABLE_OBJC_ARC = YES;
				CLANG_ENABLE_OBJC_WEAK = YES;
				CLANG_WARN_BLOCK_CAPTURE_AUTORELEASING = YES;
				CLANG_WARN_BOOL_CONVERSION = YES;
				CLANG_WARN_COMMA = YES;
				CLANG_WARN_CONSTANT_CONVERSION = YES;
				CLANG_WARN_DEPRECATED_OBJC_IMPLEMENTATIONS = YES;
				CLANG_WARN_DIRECT_OBJC_ISA_USAGE = YES_ERROR;
				CLANG_WARN_DOCUMENTATION_COMMENTS = YES;
				CLANG_WARN_EMPTY_BODY = YES;
				CLANG_WARN_ENUM_CONVERSION = YES;
				CLANG_WARN_INFINITE_RECURSION = YES;
				CLANG_WARN_INT_CONVERSION = YES;
				CLANG_WARN_NON_LITERAL_NULL_CONVERSION = YES;
				CLANG_WARN_OBJC_IMPLICIT_RETAIN_SELF = YES;
				CLANG_WARN_OBJC_LITERAL_CONVERSION = YES;
				CLANG_WARN_OBJC_ROOT_CLASS = YES_ERROR;
				CLANG_WARN_QUOTED_INCLUDE_IN_FRAMEWORK_HEADER = YES;
				CLANG_WARN_RANGE_LOOP_ANALYSIS = YES;
				CLANG_WARN_STRICT_PROTOTYPES = YES;
				CLANG_WARN_SUSPICIOUS_MOVE = YES;
				CLANG_WARN_UNGUARDED_AVAILABILITY = YES_AGGRESSIVE;
				CLANG_WARN_UNREACHABLE_CODE = YES;
				CLANG_WARN__DUPLICATE_METHOD_MATCH = YES;
				COPY_PHASE_STRIP = NO;
				DEBUG_INFORMATION_FORMAT = "dwarf-with-dsym";
				ENABLE_NS_ASSERTIONS = NO;
				ENABLE_STRICT_OBJC_MSGSEND = YES;
				GCC_C_LANGUAGE_STANDARD = gnu11;
				GCC_NO_COMMON_BLOCKS = YES;
				GCC_WARN_64_TO_32_BIT_CONVERSION = YES;
				GCC_WARN_ABOUT_RETURN_TYPE = YES_ERROR;
				GCC_WARN_UNDECLARED_SELECTOR = YES;
				GCC_WARN_UNINITIALIZED_AUTOS = YES_AGGRESSIVE;
				GCC_WARN_UNUSED_FUNCTION = YES;
				GCC_WARN_UNUSED_VARIABLE = YES;
				IPHONEOS_DEPLOYMENT_TARGET = 16.4;
				MTL_ENABLE_DEBUG_INFO = NO;
				MTL_FAST_MATH = YES;
				SDKROOT = iphoneos;
				SWIFT_COMPILATION_MODE = wholemodule;
				SWIFT_OPTIMIZATION_LEVEL = "-O";
				VALIDATE_PRODUCT = YES;
			};
			name = Release;
		};
		3FC42F4F2A047493000F49B4 /* Debug */ = {
			isa = XCBuildConfiguration;
			buildSettings = {
				ASSETCATALOG_COMPILER_APPICON_NAME = AppIcon;
				ASSETCATALOG_COMPILER_GLOBAL_ACCENT_COLOR_NAME = AccentColor;
				CODE_SIGN_STYLE = Automatic;
				CURRENT_PROJECT_VERSION = 1;
				GENERATE_INFOPLIST_FILE = YES;
				INFOPLIST_FILE = NotificationEProtocolo/Info.plist;
				INFOPLIST_KEY_UIApplicationSupportsIndirectInputEvents = YES;
				INFOPLIST_KEY_UILaunchStoryboardName = LaunchScreen;
				INFOPLIST_KEY_UIMainStoryboardFile = Main;
				INFOPLIST_KEY_UISupportedInterfaceOrientations_iPad = "UIInterfaceOrientationPortrait UIInterfaceOrientationPortraitUpsideDown UIInterfaceOrientationLandscapeLeft UIInterfaceOrientationLandscapeRight";
				INFOPLIST_KEY_UISupportedInterfaceOrientations_iPhone = "UIInterfaceOrientationPortrait UIInterfaceOrientationLandscapeLeft UIInterfaceOrientationLandscapeRight";
				LD_RUNPATH_SEARCH_PATHS = (
					"$(inherited)",
					"@executable_path/Frameworks",
				);
				MARKETING_VERSION = 1.0;
				PRODUCT_BUNDLE_IDENTIFIER = AlexandreBrigolin.NotificationEProtocolo;
				PRODUCT_NAME = "$(TARGET_NAME)";
				SWIFT_EMIT_LOC_STRINGS = YES;
				SWIFT_VERSION = 5.0;
				TARGETED_DEVICE_FAMILY = "1,2";
			};
			name = Debug;
		};
		3FC42F502A047493000F49B4 /* Release */ = {
			isa = XCBuildConfiguration;
			buildSettings = {
				ASSETCATALOG_COMPILER_APPICON_NAME = AppIcon;
				ASSETCATALOG_COMPILER_GLOBAL_ACCENT_COLOR_NAME = AccentColor;
				CODE_SIGN_STYLE = Automatic;
				CURRENT_PROJECT_VERSION = 1;
				GENERATE_INFOPLIST_FILE = YES;
				INFOPLIST_FILE = NotificationEProtocolo/Info.plist;
				INFOPLIST_KEY_UIApplicationSupportsIndirectInputEvents = YES;
				INFOPLIST_KEY_UILaunchStoryboardName = LaunchScreen;
				INFOPLIST_KEY_UIMainStoryboardFile = Main;
				INFOPLIST_KEY_UISupportedInterfaceOrientations_iPad = "UIInterfaceOrientationPortrait UIInterfaceOrientationPortraitUpsideDown UIInterfaceOrientationLandscapeLeft UIInterfaceOrientationLandscapeRight";
				INFOPLIST_KEY_UISupportedInterfaceOrientations_iPhone = "UIInterfaceOrientationPortrait UIInterfaceOrientationLandscapeLeft UIInterfaceOrientationLandscapeRight";
				LD_RUNPATH_SEARCH_PATHS = (
					"$(inherited)",
					"@executable_path/Frameworks",
				);
				MARKETING_VERSION = 1.0;
				PRODUCT_BUNDLE_IDENTIFIER = AlexandreBrigolin.NotificationEProtocolo;
				PRODUCT_NAME = "$(TARGET_NAME)";
				SWIFT_EMIT_LOC_STRINGS = YES;
				SWIFT_VERSION = 5.0;
				TARGETED_DEVICE_FAMILY = "1,2";
			};
			name = Release;
		};
		3FC42F522A047493000F49B4 /* Debug */ = {
			isa = XCBuildConfiguration;
			buildSettings = {
				ALWAYS_EMBED_SWIFT_STANDARD_LIBRARIES = YES;
				BUNDLE_LOADER = "$(TEST_HOST)";
				CODE_SIGN_STYLE = Automatic;
				CURRENT_PROJECT_VERSION = 1;
				GENERATE_INFOPLIST_FILE = YES;
				IPHONEOS_DEPLOYMENT_TARGET = 16.4;
				MARKETING_VERSION = 1.0;
				PRODUCT_BUNDLE_IDENTIFIER = AlexandreBrigolin.NotificationEProtocoloTests;
				PRODUCT_NAME = "$(TARGET_NAME)";
				SWIFT_EMIT_LOC_STRINGS = NO;
				SWIFT_VERSION = 5.0;
				TARGETED_DEVICE_FAMILY = "1,2";
				TEST_HOST = "$(BUILT_PRODUCTS_DIR)/NotificationEProtocolo.app/$(BUNDLE_EXECUTABLE_FOLDER_PATH)/NotificationEProtocolo";
			};
			name = Debug;
		};
		3FC42F532A047493000F49B4 /* Release */ = {
			isa = XCBuildConfiguration;
			buildSettings = {
				ALWAYS_EMBED_SWIFT_STANDARD_LIBRARIES = YES;
				BUNDLE_LOADER = "$(TEST_HOST)";
				CODE_SIGN_STYLE = Automatic;
				CURRENT_PROJECT_VERSION = 1;
				GENERATE_INFOPLIST_FILE = YES;
				IPHONEOS_DEPLOYMENT_TARGET = 16.4;
				MARKETING_VERSION = 1.0;
				PRODUCT_BUNDLE_IDENTIFIER = AlexandreBrigolin.NotificationEProtocoloTests;
				PRODUCT_NAME = "$(TARGET_NAME)";
				SWIFT_EMIT_LOC_STRINGS = NO;
				SWIFT_VERSION = 5.0;
				TARGETED_DEVICE_FAMILY = "1,2";
				TEST_HOST = "$(BUILT_PRODUCTS_DIR)/NotificationEProtocolo.app/$(BUNDLE_EXECUTABLE_FOLDER_PATH)/NotificationEProtocolo";
			};
			name = Release;
		};
		3FC42F552A047493000F49B4 /* Debug */ = {
			isa = XCBuildConfiguration;
			buildSettings = {
				ALWAYS_EMBED_SWIFT_STANDARD_LIBRARIES = YES;
				CODE_SIGN_STYLE = Automatic;
				CURRENT_PROJECT_VERSION = 1;
				GENERATE_INFOPLIST_FILE = YES;
				MARKETING_VERSION = 1.0;
				PRODUCT_BUNDLE_IDENTIFIER = AlexandreBrigolin.NotificationEProtocoloUITests;
				PRODUCT_NAME = "$(TARGET_NAME)";
				SWIFT_EMIT_LOC_STRINGS = NO;
				SWIFT_VERSION = 5.0;
				TARGETED_DEVICE_FAMILY = "1,2";
				TEST_TARGET_NAME = NotificationEProtocolo;
			};
			name = Debug;
		};
		3FC42F562A047493000F49B4 /* Release */ = {
			isa = XCBuildConfiguration;
			buildSettings = {
				ALWAYS_EMBED_SWIFT_STANDARD_LIBRARIES = YES;
				CODE_SIGN_STYLE = Automatic;
				CURRENT_PROJECT_VERSION = 1;
				GENERATE_INFOPLIST_FILE = YES;
				MARKETING_VERSION = 1.0;
				PRODUCT_BUNDLE_IDENTIFIER = AlexandreBrigolin.NotificationEProtocoloUITests;
				PRODUCT_NAME = "$(TARGET_NAME)";
				SWIFT_EMIT_LOC_STRINGS = NO;
				SWIFT_VERSION = 5.0;
				TARGETED_DEVICE_FAMILY = "1,2";
				TEST_TARGET_NAME = NotificationEProtocolo;
			};
			name = Release;
		};
/* End XCBuildConfiguration section */

/* Begin XCConfigurationList section */
		3FC42F1F2A047491000F49B4 /* Build configuration list for PBXProject "NotificationEProtocolo" */ = {
			isa = XCConfigurationList;
			buildConfigurations = (
				3FC42F4C2A047493000F49B4 /* Debug */,
				3FC42F4D2A047493000F49B4 /* Release */,
			);
			defaultConfigurationIsVisible = 0;
			defaultConfigurationName = Release;
		};
		3FC42F4E2A047493000F49B4 /* Build configuration list for PBXNativeTarget "NotificationEProtocolo" */ = {
			isa = XCConfigurationList;
			buildConfigurations = (
				3FC42F4F2A047493000F49B4 /* Debug */,
				3FC42F502A047493000F49B4 /* Release */,
			);
			defaultConfigurationIsVisible = 0;
			defaultConfigurationName = Release;
		};
		3FC42F512A047493000F49B4 /* Build configuration list for PBXNativeTarget "NotificationEProtocoloTests" */ = {
			isa = XCConfigurationList;
			buildConfigurations = (
				3FC42F522A047493000F49B4 /* Debug */,
				3FC42F532A047493000F49B4 /* Release */,
			);
			defaultConfigurationIsVisible = 0;
			defaultConfigurationName = Release;
		};
		3FC42F542A047493000F49B4 /* Build configuration list for PBXNativeTarget "NotificationEProtocoloUITests" */ = {
			isa = XCConfigurationList;
			buildConfigurations = (
				3FC42F552A047493000F49B4 /* Debug */,
				3FC42F562A047493000F49B4 /* Release */,
			);
			defaultConfigurationIsVisible = 0;
			defaultConfigurationName = Release;
		};
/* End XCConfigurationList section */
	};
	rootObject = 3FC42F1C2A047491000F49B4 /* Project object */;
}
